<?xml version="1.0" encoding="utf-8"?>
<Project ToolsVersion="4.0" xmlns="http://schemas.microsoft.com/developer/msbuild/2003">
  <ItemGroup>
    <Filter Include="Source Files">
      <UniqueIdentifier>{28B2E6D3-3EBD-44C0-9BD6-435A50536BFD}</UniqueIdentifier>
      <Extensions>cxx</Extensions>
    </Filter>
    <Filter Include="Header Files">
      <UniqueIdentifier>{62E2189F-9B6C-4BBF-BED2-6F442170EFA9}</UniqueIdentifier>
      <Extensions>h;hxx;ixx;txx</Extensions>
    </Filter>
  </ItemGroup>
  <ItemGroup>
    <ClInclude Include="person.hxx">
      <Filter>Header Files</Filter>
    </ClInclude>
    <ClInclude Include="person-odb.hxx">
      <Filter>Header Files</Filter>
    </ClInclude>
    <ClInclude Include="person-odb.ixx">
      <Filter>Header Files</Filter>
    </ClInclude>

    <ClInclude Include="pgsql.hxx">
      <Filter>Header Files</Filter>
    </ClInclude>

    <ClInclude Include="traits.hxx">
      <Filter>Header Files</Filter>
    </ClInclude>
    <ClInclude Include="traits-mysql.hxx">
      <Filter>Header Files</Filter>
    </ClInclude>
    <ClInclude Include="traits-sqlite.hxx">
      <Filter>Header Files</Filter>
    </ClInclude>
    <ClInclude Include="traits-pgsql.hxx">
      <Filter>Header Files</Filter>
    </ClInclude>
    <ClInclude Include="traits-oracle.hxx">
      <Filter>Header Files</Filter>
    </ClInclude>
    <ClInclude Include="traits-mssql.hxx">
      <Filter>Header Files</Filter>
    </ClInclude>
  </ItemGroup>
  <ItemGroup>
    <ClCompile Include="driver.cxx">
      <Filter>Source Files</Filter>
    </ClCompile>
    <ClCompile Include="person-odb.cxx">
      <Filter>Source Files</Filter>
    </ClCompile>

  </ItemGroup>
</Project>
