<?xml version="1.0" encoding="utf-8"?>
<Project ToolsVersion="4.0" xmlns="http://schemas.microsoft.com/developer/msbuild/2003">
  <ItemGroup>
    <Filter Include="Source Files">
      <UniqueIdentifier>{384BB1AB-4564-4DCF-96B8-3F27F77C3DA1}</UniqueIdentifier>
      <Extensions>cxx</Extensions>
    </Filter>
    <Filter Include="Header Files">
      <UniqueIdentifier>{4206C8AA-2947-4C2E-BD00-6CC096CABF66}</UniqueIdentifier>
      <Extensions>h;hxx;ixx;txx</Extensions>
    </Filter>
  </ItemGroup>
  <ItemGroup>
    <ClInclude Include="employee.hxx">
      <Filter>Header Files</Filter>
    </ClInclude>
    <ClInclude Include="employee-odb.hxx">
      <Filter>Header Files</Filter>
    </ClInclude>
    <ClInclude Include="employee-odb.ixx">
      <Filter>Header Files</Filter>
    </ClInclude>

    <ClInclude Include="pgsql.hxx">
      <Filter>Header Files</Filter>
    </ClInclude>

  </ItemGroup>
  <ItemGroup>
    <ClCompile Include="driver.cxx">
      <Filter>Source Files</Filter>
    </ClCompile>
    <ClCompile Include="employee-odb.cxx">
      <Filter>Source Files</Filter>
    </ClCompile>

  </ItemGroup>
</Project>
