<?xml version="1.0" encoding="utf-8"?>
<Project ToolsVersion="4.0" xmlns="http://schemas.microsoft.com/developer/msbuild/2003">
  <ItemGroup>
    <Filter Include="Fichiers sources">
      <UniqueIdentifier>{4FC737F1-C7A5-4376-A066-2A32D752A2FF}</UniqueIdentifier>
      <Extensions>cpp;c;cc;cxx;def;odl;idl;hpj;bat;asm;asmx</Extensions>
    </Filter>
    <Filter Include="Fichiers d%27en-tête">
      <UniqueIdentifier>{93995380-89BD-4b04-88EB-625FBE52EBFB}</UniqueIdentifier>
      <Extensions>h;hpp;hxx;hm;inl;inc;xsd</Extensions>
    </Filter>
    <Filter Include="Fichiers de ressources">
      <UniqueIdentifier>{67DA6AB6-F800-4c08-8B7A-83BB121AAD01}</UniqueIdentifier>
      <Extensions>rc;ico;cur;bmp;dlg;rc2;rct;bin;rgs;gif;jpg;jpeg;jpe;resx;tiff;tif;png;wav;mfcribbon-ms</Extensions>
    </Filter>
  </ItemGroup>
  <ItemGroup>
    <ClCompile Include="HnObject\HnAbort.cpp">
      <Filter>Fichiers sources</Filter>
    </ClCompile>
    <ClCompile Include="HnObject\HnBinarySearch.cpp">
      <Filter>Fichiers sources</Filter>
    </ClCompile>
    <ClCompile Include="HnObject\HnBlockFile.cpp">
      <Filter>Fichiers sources</Filter>
    </ClCompile>
    <ClCompile Include="HnObject\HnBlockFileObj.cpp">
      <Filter>Fichiers sources</Filter>
    </ClCompile>
    <ClCompile Include="HnObject\HnBlockStream.cpp">
      <Filter>Fichiers sources</Filter>
    </ClCompile>
    <ClCompile Include="HnObject\HnBlockStreamObj.cpp">
      <Filter>Fichiers sources</Filter>
    </ClCompile>
    <ClCompile Include="HnObject\HnDataItem.cpp">
      <Filter>Fichiers sources</Filter>
    </ClCompile>
    <ClCompile Include="HnObject\HnDataItemObj.cpp">
      <Filter>Fichiers sources</Filter>
    </ClCompile>
    <ClCompile Include="HnObject\HnDataItemSt.cpp">
      <Filter>Fichiers sources</Filter>
    </ClCompile>
    <ClCompile Include="HnObject\HnFTcharArray.cpp">
      <Filter>Fichiers sources</Filter>
    </ClCompile>
    <ClCompile Include="HnObject\HnFTdoubleArray.cpp">
      <Filter>Fichiers sources</Filter>
    </ClCompile>
    <ClCompile Include="HnObject\HnFTfloatArray.cpp">
      <Filter>Fichiers sources</Filter>
    </ClCompile>
    <ClCompile Include="HnObject\HnFTintArray.cpp">
      <Filter>Fichiers sources</Filter>
    </ClCompile>
    <ClCompile Include="HnObject\HnFTlongArray.cpp">
      <Filter>Fichiers sources</Filter>
    </ClCompile>
    <ClCompile Include="HnObject\HnFTucharArray.cpp">
      <Filter>Fichiers sources</Filter>
    </ClCompile>
    <ClCompile Include="HnObject\HnFTuintArray.cpp">
      <Filter>Fichiers sources</Filter>
    </ClCompile>
    <ClCompile Include="HnObject\HnFTulongArray.cpp">
      <Filter>Fichiers sources</Filter>
    </ClCompile>
    <ClCompile Include="HnObject\HnGenericArray.cpp">
      <Filter>Fichiers sources</Filter>
    </ClCompile>
    <ClCompile Include="HnObject\HnGetOpt.cpp">
      <Filter>Fichiers sources</Filter>
    </ClCompile>
    <ClCompile Include="HnObject\HnMalloc.cpp">
      <Filter>Fichiers sources</Filter>
    </ClCompile>
    <ClCompile Include="HnObject\HnObject.cpp">
      <Filter>Fichiers sources</Filter>
    </ClCompile>
    <ClCompile Include="HnObject\HnPointer.cpp">
      <Filter>Fichiers sources</Filter>
    </ClCompile>
    <ClCompile Include="HnObject\HnProperties.cpp">
      <Filter>Fichiers sources</Filter>
    </ClCompile>
    <ClCompile Include="HnObject\HnPropertiesObj.cpp">
      <Filter>Fichiers sources</Filter>
    </ClCompile>
    <ClCompile Include="HnObject\HnPropertiesSt.cpp">
      <Filter>Fichiers sources</Filter>
    </ClCompile>
    <ClCompile Include="HnObject\HnQuickSelect.cpp">
      <Filter>Fichiers sources</Filter>
    </ClCompile>
    <ClCompile Include="HnObject\HnQuickSort.cpp">
      <Filter>Fichiers sources</Filter>
    </ClCompile>
    <ClCompile Include="HnObject\HnStatistics.cpp">
      <Filter>Fichiers sources</Filter>
    </ClCompile>
    <ClCompile Include="HnObject\HnStatisticsObj.cpp">
      <Filter>Fichiers sources</Filter>
    </ClCompile>
    <ClCompile Include="HnObject\HnStatisticsSt.cpp">
      <Filter>Fichiers sources</Filter>
    </ClCompile>
    <ClCompile Include="HnObject\HnString.cpp">
      <Filter>Fichiers sources</Filter>
    </ClCompile>
    <ClCompile Include="HnObject\HnStringBuffer.cpp">
      <Filter>Fichiers sources</Filter>
    </ClCompile>
    <ClCompile Include="HnObject\HnStringBufferObj.cpp">
      <Filter>Fichiers sources</Filter>
    </ClCompile>
    <ClCompile Include="HnObject\HnStringBufferSt.cpp">
      <Filter>Fichiers sources</Filter>
    </ClCompile>
    <ClCompile Include="HnObject\HnStringObj.cpp">
      <Filter>Fichiers sources</Filter>
    </ClCompile>
    <ClCompile Include="HnObject\HnStringSt.cpp">
      <Filter>Fichiers sources</Filter>
    </ClCompile>
    <ClCompile Include="HnObject\HnTimes.cpp">
      <Filter>Fichiers sources</Filter>
    </ClCompile>
    <ClCompile Include="HnObject\HnTimesObj.cpp">
      <Filter>Fichiers sources</Filter>
    </ClCompile>
    <ClCompile Include="HnObject\HnTimesSt.cpp">
      <Filter>Fichiers sources</Filter>
    </ClCompile>
    <ClCompile Include="HnObject\HnTimesStatsSt.cpp">
      <Filter>Fichiers sources</Filter>
    </ClCompile>
    <ClCompile Include="HnRect\HnPoint.cpp">
      <Filter>Fichiers sources</Filter>
    </ClCompile>
    <ClCompile Include="HnRect\HnPointObj.cpp">
      <Filter>Fichiers sources</Filter>
    </ClCompile>
    <ClCompile Include="HnRect\HnPointSt.cpp">
      <Filter>Fichiers sources</Filter>
    </ClCompile>
    <ClCompile Include="HnRect\HnRange.cpp">
      <Filter>Fichiers sources</Filter>
    </ClCompile>
    <ClCompile Include="HnRect\HnRangeSt.cpp">
      <Filter>Fichiers sources</Filter>
    </ClCompile>
    <ClCompile Include="HnRect\HnRect.cpp">
      <Filter>Fichiers sources</Filter>
    </ClCompile>
    <ClCompile Include="HnRect\HnRectObj.cpp">
      <Filter>Fichiers sources</Filter>
    </ClCompile>
    <ClCompile Include="HnRect\HnRectSt.cpp">
      <Filter>Fichiers sources</Filter>
    </ClCompile>
    <ClCompile Include="HnRect\HnSphere.cpp">
      <Filter>Fichiers sources</Filter>
    </ClCompile>
    <ClCompile Include="HnRect\HnSphereObj.cpp">
      <Filter>Fichiers sources</Filter>
    </ClCompile>
    <ClCompile Include="HnRect\HnSphereSt.cpp">
      <Filter>Fichiers sources</Filter>
    </ClCompile>
    <ClCompile Include="HnSRTree\HnSRTreeBlock.cpp">
      <Filter>Fichiers sources</Filter>
    </ClCompile>
    <ClCompile Include="HnSRTree\HnSRTreeBlockObj.cpp">
      <Filter>Fichiers sources</Filter>
    </ClCompile>
    <ClCompile Include="HnSRTree\HnSRTreeCluster.cpp">
      <Filter>Fichiers sources</Filter>
    </ClCompile>
    <ClCompile Include="HnSRTree\HnSRTreeClusterObj.cpp">
      <Filter>Fichiers sources</Filter>
    </ClCompile>
    <ClCompile Include="HnSRTree\HnSRTreeFile.cpp">
      <Filter>Fichiers sources</Filter>
    </ClCompile>
    <ClCompile Include="HnSRTree\HnSRTreeFileObj.cpp">
      <Filter>Fichiers sources</Filter>
    </ClCompile>
    <ClCompile Include="HnSRTree\HnSRTreeFileObj1.cpp">
      <Filter>Fichiers sources</Filter>
    </ClCompile>
    <ClCompile Include="HnSRTree\HnSRTreeFileObj2.cpp">
      <Filter>Fichiers sources</Filter>
    </ClCompile>
    <ClCompile Include="HnSRTree\HnSRTreeFileObj3.cpp">
      <Filter>Fichiers sources</Filter>
    </ClCompile>
    <ClCompile Include="HnSRTree\HnSRTreeFileSt.cpp">
      <Filter>Fichiers sources</Filter>
    </ClCompile>
    <ClCompile Include="HnSRTree\HnSRTreeInfo.cpp">
      <Filter>Fichiers sources</Filter>
    </ClCompile>
    <ClCompile Include="HnSRTree\HnSRTreeInfoObj.cpp">
      <Filter>Fichiers sources</Filter>
    </ClCompile>
    <ClCompile Include="HnSRTree\HnSRTreeLeaf.cpp">
      <Filter>Fichiers sources</Filter>
    </ClCompile>
    <ClCompile Include="HnSRTree\HnSRTreeLeafObj.cpp">
      <Filter>Fichiers sources</Filter>
    </ClCompile>
    <ClCompile Include="HnSRTree\HnSRTreeNeighbor.cpp">
      <Filter>Fichiers sources</Filter>
    </ClCompile>
    <ClCompile Include="HnSRTree\HnSRTreeNeighborObj.cpp">
      <Filter>Fichiers sources</Filter>
    </ClCompile>
    <ClCompile Include="HnSRTree\HnSRTreeNode.cpp">
      <Filter>Fichiers sources</Filter>
    </ClCompile>
    <ClCompile Include="HnSRTree\HnSRTreeNodeObj.cpp">
      <Filter>Fichiers sources</Filter>
    </ClCompile>
    <ClCompile Include="HnSRTree\HnSRTreeProfileSt.cpp">
      <Filter>Fichiers sources</Filter>
    </ClCompile>
    <ClCompile Include="HnSRTree\HnSRTreeReinsert.cpp">
      <Filter>Fichiers sources</Filter>
    </ClCompile>
    <ClCompile Include="HnSRTree\HnSRTreeReinsertObj.cpp">
      <Filter>Fichiers sources</Filter>
    </ClCompile>
    <ClCompile Include="HnSRTree\HnSRTreeStack.cpp">
      <Filter>Fichiers sources</Filter>
    </ClCompile>
    <ClCompile Include="HnSRTree\HnSRTreeStackObj.cpp">
      <Filter>Fichiers sources</Filter>
    </ClCompile>
    <ClCompile Include="HnSRTree\HnSRTreeStatsSt.cpp">
      <Filter>Fichiers sources</Filter>
    </ClCompile>
    <ClCompile Include="include\HnSRTree\HnClassArray.cpp">
      <Filter>Fichiers sources</Filter>
    </ClCompile>
    <ClCompile Include="include\HnSRTree\HnClassArraySt.c">
      <Filter>Fichiers sources</Filter>
    </ClCompile>
    <ClCompile Include="include\HnSRTree\HnFTypeArray.cpp">
      <Filter>Fichiers sources</Filter>
    </ClCompile>
  </ItemGroup>
  <ItemGroup>
    <ClInclude Include="include\HnSRTree\config.h">
      <Filter>Fichiers d%27en-tête</Filter>
    </ClInclude>
    <ClInclude Include="include\HnSRTree\HnAbort.h">
      <Filter>Fichiers d%27en-tête</Filter>
    </ClInclude>
    <ClInclude Include="include\HnSRTree\HnBool.h">
      <Filter>Fichiers d%27en-tête</Filter>
    </ClInclude>
    <ClInclude Include="include\HnSRTree\HnClassArraySt.h">
      <Filter>Fichiers d%27en-tête</Filter>
    </ClInclude>
    <ClInclude Include="include\HnSRTree\HnDataItemSt.h">
      <Filter>Fichiers d%27en-tête</Filter>
    </ClInclude>
    <ClInclude Include="include\HnSRTree\HnFPControl.h">
      <Filter>Fichiers d%27en-tête</Filter>
    </ClInclude>
    <ClInclude Include="include\HnSRTree\HnGetOpt.h">
      <Filter>Fichiers d%27en-tête</Filter>
    </ClInclude>
    <ClInclude Include="include\HnSRTree\HnMalloc.h">
      <Filter>Fichiers d%27en-tête</Filter>
    </ClInclude>
    <ClInclude Include="include\HnSRTree\HnPointSt.h">
      <Filter>Fichiers d%27en-tête</Filter>
    </ClInclude>
    <ClInclude Include="include\HnSRTree\HnPropertiesSt.h">
      <Filter>Fichiers d%27en-tête</Filter>
    </ClInclude>
    <ClInclude Include="include\HnSRTree\HnRangeSt.h">
      <Filter>Fichiers d%27en-tête</Filter>
    </ClInclude>
    <ClInclude Include="include\HnSRTree\HnRectSt.h">
      <Filter>Fichiers d%27en-tête</Filter>
    </ClInclude>
    <ClInclude Include="include\HnSRTree\HnSphereSt.h">
      <Filter>Fichiers d%27en-tête</Filter>
    </ClInclude>
    <ClInclude Include="include\HnSRTree\HnSRTreeFileSt.h">
      <Filter>Fichiers d%27en-tête</Filter>
    </ClInclude>
    <ClInclude Include="include\HnSRTree\HnSRTreeProfileSt.h">
      <Filter>Fichiers d%27en-tête</Filter>
    </ClInclude>
    <ClInclude Include="include\HnSRTree\HnSRTreeProto.h">
      <Filter>Fichiers d%27en-tête</Filter>
    </ClInclude>
    <ClInclude Include="include\HnSRTree\HnSRTreeStatsSt.h">
      <Filter>Fichiers d%27en-tête</Filter>
    </ClInclude>
    <ClInclude Include="include\HnSRTree\HnStatisticsSt.h">
      <Filter>Fichiers d%27en-tête</Filter>
    </ClInclude>
    <ClInclude Include="include\HnSRTree\HnStringBufferSt.h">
      <Filter>Fichiers d%27en-tête</Filter>
    </ClInclude>
    <ClInclude Include="include\HnSRTree\HnStringSt.h">
      <Filter>Fichiers d%27en-tête</Filter>
    </ClInclude>
    <ClInclude Include="include\HnSRTree\HnTimesSt.h">
      <Filter>Fichiers d%27en-tête</Filter>
    </ClInclude>
    <ClInclude Include="include\HnSRTree\HnTimesStatsSt.h">
      <Filter>Fichiers d%27en-tête</Filter>
    </ClInclude>
  </ItemGroup>
  <ItemGroup>
    <None Include="include\HnSRTree\HnBinarySearch.hh">
      <Filter>Fichiers d%27en-tête</Filter>
    </None>
    <None Include="include\HnSRTree\HnTimesObj.hh">
      <Filter>Fichiers d%27en-tête</Filter>
    </None>
    <None Include="include\HnSRTree\HnBlockFile.hh">
      <Filter>Fichiers d%27en-tête</Filter>
    </None>
    <None Include="include\HnSRTree\HnBlockFileObj.hh">
      <Filter>Fichiers d%27en-tête</Filter>
    </None>
    <None Include="include\HnSRTree\HnBlockStream.hh">
      <Filter>Fichiers d%27en-tête</Filter>
    </None>
    <None Include="include\HnSRTree\HnBlockStreamObj.hh">
      <Filter>Fichiers d%27en-tête</Filter>
    </None>
    <None Include="include\HnSRTree\HnClassArray.hh">
      <Filter>Fichiers d%27en-tête</Filter>
    </None>
    <None Include="include\HnSRTree\HnDataItem.hh">
      <Filter>Fichiers d%27en-tête</Filter>
    </None>
    <None Include="include\HnSRTree\HnDataItemObj.hh">
      <Filter>Fichiers d%27en-tête</Filter>
    </None>
    <None Include="include\HnSRTree\HnFTcharArray.hh">
      <Filter>Fichiers d%27en-tête</Filter>
    </None>
    <None Include="include\HnSRTree\HnFTdoubleArray.hh">
      <Filter>Fichiers d%27en-tête</Filter>
    </None>
    <None Include="include\HnSRTree\HnFTfloatArray.hh">
      <Filter>Fichiers d%27en-tête</Filter>
    </None>
    <None Include="include\HnSRTree\HnFTintArray.hh">
      <Filter>Fichiers d%27en-tête</Filter>
    </None>
    <None Include="include\HnSRTree\HnFTlongArray.hh">
      <Filter>Fichiers d%27en-tête</Filter>
    </None>
    <None Include="include\HnSRTree\HnFTucharArray.hh">
      <Filter>Fichiers d%27en-tête</Filter>
    </None>
    <None Include="include\HnSRTree\HnFTuintArray.hh">
      <Filter>Fichiers d%27en-tête</Filter>
    </None>
    <None Include="include\HnSRTree\HnFTulongArray.hh">
      <Filter>Fichiers d%27en-tête</Filter>
    </None>
    <None Include="include\HnSRTree\HnFTypeArray.hh">
      <Filter>Fichiers d%27en-tête</Filter>
    </None>
    <None Include="include\HnSRTree\HnGenericArray.hh">
      <Filter>Fichiers d%27en-tête</Filter>
    </None>
    <None Include="include\HnSRTree\HnObject.hh">
      <Filter>Fichiers d%27en-tête</Filter>
    </None>
    <None Include="include\HnSRTree\HnPoint.hh">
      <Filter>Fichiers d%27en-tête</Filter>
    </None>
    <None Include="include\HnSRTree\HnPointer.hh">
      <Filter>Fichiers d%27en-tête</Filter>
    </None>
    <None Include="include\HnSRTree\HnPointObj.hh">
      <Filter>Fichiers d%27en-tête</Filter>
    </None>
    <None Include="include\HnSRTree\HnProperties.hh">
      <Filter>Fichiers d%27en-tête</Filter>
    </None>
    <None Include="include\HnSRTree\HnPropertiesObj.hh">
      <Filter>Fichiers d%27en-tête</Filter>
    </None>
    <None Include="include\HnSRTree\HnQuickSelect.hh">
      <Filter>Fichiers d%27en-tête</Filter>
    </None>
    <None Include="include\HnSRTree\HnQuickSort.hh">
      <Filter>Fichiers d%27en-tête</Filter>
    </None>
    <None Include="include\HnSRTree\HnRange.hh">
      <Filter>Fichiers d%27en-tête</Filter>
    </None>
    <None Include="include\HnSRTree\HnRect.hh">
      <Filter>Fichiers d%27en-tête</Filter>
    </None>
    <None Include="include\HnSRTree\HnRectObj.hh">
      <Filter>Fichiers d%27en-tête</Filter>
    </None>
    <None Include="include\HnSRTree\HnSphere.hh">
      <Filter>Fichiers d%27en-tête</Filter>
    </None>
    <None Include="include\HnSRTree\HnSphereObj.hh">
      <Filter>Fichiers d%27en-tête</Filter>
    </None>
    <None Include="include\HnSRTree\HnSRTreeBlock.hh">
      <Filter>Fichiers d%27en-tête</Filter>
    </None>
    <None Include="include\HnSRTree\HnSRTreeBlockObj.hh">
      <Filter>Fichiers d%27en-tête</Filter>
    </None>
    <None Include="include\HnSRTree\HnSRTreeCluster.hh">
      <Filter>Fichiers d%27en-tête</Filter>
    </None>
    <None Include="include\HnSRTree\HnSRTreeClusterObj.hh">
      <Filter>Fichiers d%27en-tête</Filter>
    </None>
    <None Include="include\HnSRTree\HnSRTreeFile.hh">
      <Filter>Fichiers d%27en-tête</Filter>
    </None>
    <None Include="include\HnSRTree\HnSRTreeFileObj.hh">
      <Filter>Fichiers d%27en-tête</Filter>
    </None>
    <None Include="include\HnSRTree\HnSRTreeInfo.hh">
      <Filter>Fichiers d%27en-tête</Filter>
    </None>
    <None Include="include\HnSRTree\HnSRTreeInfoObj.hh">
      <Filter>Fichiers d%27en-tête</Filter>
    </None>
    <None Include="include\HnSRTree\HnSRTreeLeaf.hh">
      <Filter>Fichiers d%27en-tête</Filter>
    </None>
    <None Include="include\HnSRTree\HnSRTreeLeafObj.hh">
      <Filter>Fichiers d%27en-tête</Filter>
    </None>
    <None Include="include\HnSRTree\HnSRTreeNeighbor.hh">
      <Filter>Fichiers d%27en-tête</Filter>
    </None>
    <None Include="include\HnSRTree\HnSRTreeNeighborObj.hh">
      <Filter>Fichiers d%27en-tête</Filter>
    </None>
    <None Include="include\HnSRTree\HnSRTreeNode.hh">
      <Filter>Fichiers d%27en-tête</Filter>
    </None>
    <None Include="include\HnSRTree\HnSRTreeNodeObj.hh">
      <Filter>Fichiers d%27en-tête</Filter>
    </None>
    <None Include="include\HnSRTree\HnSRTreeReinsert.hh">
      <Filter>Fichiers d%27en-tête</Filter>
    </None>
    <None Include="include\HnSRTree\HnSRTreeReinsertObj.hh">
      <Filter>Fichiers d%27en-tête</Filter>
    </None>
    <None Include="include\HnSRTree\HnSRTreeStack.hh">
      <Filter>Fichiers d%27en-tête</Filter>
    </None>
    <None Include="include\HnSRTree\HnSRTreeStackObj.hh">
      <Filter>Fichiers d%27en-tête</Filter>
    </None>
    <None Include="include\HnSRTree\HnStatistics.hh">
      <Filter>Fichiers d%27en-tête</Filter>
    </None>
    <None Include="include\HnSRTree\HnStatisticsObj.hh">
      <Filter>Fichiers d%27en-tête</Filter>
    </None>
    <None Include="include\HnSRTree\HnString.hh">
      <Filter>Fichiers d%27en-tête</Filter>
    </None>
    <None Include="include\HnSRTree\HnStringBuffer.hh">
      <Filter>Fichiers d%27en-tête</Filter>
    </None>
    <None Include="include\HnSRTree\HnStringBufferObj.hh">
      <Filter>Fichiers d%27en-tête</Filter>
    </None>
    <None Include="include\HnSRTree\HnStringObj.hh">
      <Filter>Fichiers d%27en-tête</Filter>
    </None>
    <None Include="include\HnSRTree\HnTimes.hh">
      <Filter>Fichiers d%27en-tête</Filter>
    </None>
  </ItemGroup>
</Project>