
Microsoft Visual Studio Solution File, Format Version 12.00
# Visual Studio 2012
Project("{8BC9CEB8-8B4A-11D0-8D11-00A0C91BC942}") = "boost", "boost-mysql-vc11.vcxproj", "{251943BB-4C9F-4CBD-ABF8-B4D504E108AF}"
EndProject
Global
	GlobalSection(SolutionConfigurationPlatforms) = preSolution
		Debug|Win32 = Debug|Win32
		Debug|x64 = Debug|x64
		Release|Win32 = Release|Win32
		Release|x64 = Release|x64

	EndGlobalSection
	GlobalSection(ProjectConfigurationPlatforms) = postSolution
		{251943BB-4C9F-4CBD-ABF8-B4D504E108AF}.Debug|Win32.ActiveCfg = Debug|Win32
		{251943BB-4C9F-4CBD-ABF8-B4D504E108AF}.Debug|Win32.Build.0 = Debug|Win32
		{251943BB-4C9F-4CBD-ABF8-B4D504E108AF}.Debug|x64.ActiveCfg = Debug|x64
		{251943BB-4C9F-4CBD-ABF8-B4D504E108AF}.Debug|x64.Build.0 = Debug|x64
		{251943BB-4C9F-4CBD-ABF8-B4D504E108AF}.Release|Win32.ActiveCfg = Release|Win32
		{251943BB-4C9F-4CBD-ABF8-B4D504E108AF}.Release|Win32.Build.0 = Release|Win32
		{251943BB-4C9F-4CBD-ABF8-B4D504E108AF}.Release|x64.ActiveCfg = Release|x64
		{251943BB-4C9F-4CBD-ABF8-B4D504E108AF}.Release|x64.Build.0 = Release|x64

	EndGlobalSection
	GlobalSection(SolutionProperties) = preSolution
		HideSolutionNode = FALSE
	EndGlobalSection
EndGlobal
