<?xml version="1.0" encoding="utf-8"?>
<Project ToolsVersion="4.0" xmlns="http://schemas.microsoft.com/developer/msbuild/2003">
  <ItemGroup>
    <Filter Include="Source Files">
      <UniqueIdentifier>{CA9B2DA4-B0B4-43ED-9CCF-B016DCA4A26C}</UniqueIdentifier>
      <Extensions>cxx</Extensions>
    </Filter>
    <Filter Include="Header Files">
      <UniqueIdentifier>{434A5FE4-04EF-4794-9BD7-F3AC6F55FA3D}</UniqueIdentifier>
      <Extensions>h;hxx;ixx;txx</Extensions>
    </Filter>
  </ItemGroup>
  <ItemGroup>
    <ClInclude Include="person.hxx">
      <Filter>Header Files</Filter>
    </ClInclude>
    <ClInclude Include="person-odb.hxx">
      <Filter>Header Files</Filter>
    </ClInclude>
    <ClInclude Include="person-odb.ixx">
      <Filter>Header Files</Filter>
    </ClInclude>

    <ClInclude Include="sqlite.hxx">
      <Filter>Header Files</Filter>
    </ClInclude>

  </ItemGroup>
  <ItemGroup>
    <ClCompile Include="driver.cxx">
      <Filter>Source Files</Filter>
    </ClCompile>
    <ClCompile Include="person-odb.cxx">
      <Filter>Source Files</Filter>
    </ClCompile>

  </ItemGroup>
</Project>
