<?xml version="1.0" encoding="utf-8"?>
<Project ToolsVersion="4.0" xmlns="http://schemas.microsoft.com/developer/msbuild/2003">
  <ItemGroup>
    <Filter Include="Fichiers sources">
      <UniqueIdentifier>{4FC737F1-C7A5-4376-A066-2A32D752A2FF}</UniqueIdentifier>
      <Extensions>cpp;c;cc;cxx;def;odl;idl;hpj;bat;asm;asmx</Extensions>
    </Filter>
    <Filter Include="Fichiers d%27en-tête">
      <UniqueIdentifier>{93995380-89BD-4b04-88EB-625FBE52EBFB}</UniqueIdentifier>
      <Extensions>h;hpp;hxx;hm;inl;inc;xsd</Extensions>
    </Filter>
    <Filter Include="Fichiers de ressources">
      <UniqueIdentifier>{67DA6AB6-F800-4c08-8B7A-83BB121AAD01}</UniqueIdentifier>
      <Extensions>rc;ico;cur;bmp;dlg;rc2;rct;bin;rgs;gif;jpg;jpeg;jpe;resx;tiff;tif;png;wav;mfcribbon-ms</Extensions>
    </Filter>
    <Filter Include="ShapeLearner">
      <UniqueIdentifier>{130f50cb-6615-4a99-ac81-b727ab9945ad}</UniqueIdentifier>
    </Filter>
    <Filter Include="ShockGraphsGenerator">
      <UniqueIdentifier>{3a53e98c-7ae1-4f70-b401-4f25b1ed22e1}</UniqueIdentifier>
    </Filter>
    <Filter Include="ShapeLearner\SQL">
      <UniqueIdentifier>{e6f84afb-c20c-42ea-8d9b-730bda341bcf}</UniqueIdentifier>
    </Filter>
    <Filter Include="JobManager">
      <UniqueIdentifier>{84ad23af-a895-464d-9e8e-18f6ff048018}</UniqueIdentifier>
    </Filter>
  </ItemGroup>
  <ItemGroup>
    <ClInclude Include="sources\infoStructures.h">
      <Filter>Fichiers d%27en-tête</Filter>
    </ClInclude>
    <ClInclude Include="sources\stdafx.h">
      <Filter>Fichiers d%27en-tête</Filter>
    </ClInclude>
    <ClInclude Include="sources\allHeaders.h">
      <Filter>Fichiers d%27en-tête</Filter>
    </ClInclude>
    <ClInclude Include="sources\shockGraphsGenerator.h">
      <Filter>ShockGraphsGenerator</Filter>
    </ClInclude>
    <ClInclude Include="sources\ShapeLearner.h">
      <Filter>ShapeLearner</Filter>
    </ClInclude>
    <ClInclude Include="sources\jobManager.h">
      <Filter>JobManager</Filter>
    </ClInclude>
  </ItemGroup>
  <ItemGroup>
    <ClCompile Include="sources\stdafx.cpp">
      <Filter>Fichiers sources</Filter>
    </ClCompile>
    <ClCompile Include="sources\shockGraphsGenerator.cpp">
      <Filter>ShockGraphsGenerator</Filter>
    </ClCompile>
    <ClCompile Include="sources\ShapeLearner.cpp">
      <Filter>ShapeLearner</Filter>
    </ClCompile>
    <ClCompile Include="sources\jobManager.cpp">
      <Filter>JobManager</Filter>
    </ClCompile>
  </ItemGroup>
  <ItemGroup>
    <None Include="..\GraphDBLib\sources\Edge.sql">
      <Filter>ShapeLearner\SQL</Filter>
    </None>
    <None Include="..\GraphDBLib\sources\functions.sql">
      <Filter>ShapeLearner\SQL</Filter>
    </None>
    <None Include="..\GraphDBLib\sources\Graph.sql">
      <Filter>ShapeLearner\SQL</Filter>
    </None>
    <None Include="..\GraphDBLib\sources\GraphClass.sql">
      <Filter>ShapeLearner\SQL</Filter>
    </None>
    <None Include="..\GraphDBLib\sources\Node.sql">
      <Filter>ShapeLearner\SQL</Filter>
    </None>
    <None Include="..\GraphDBLib\sources\ObjectClass.sql">
      <Filter>ShapeLearner\SQL</Filter>
    </None>
    <None Include="..\GraphDBLib\sources\Point.sql">
      <Filter>ShapeLearner\SQL</Filter>
    </None>
  </ItemGroup>
</Project>