<?xml version="1.0" encoding="utf-8"?>
<Project ToolsVersion="4.0" xmlns="http://schemas.microsoft.com/developer/msbuild/2003">
  <ItemGroup>
    <Filter Include="Source Files">
      <UniqueIdentifier>{0DA3ACDF-1DE7-4FF5-B9D7-AA9C513B991A}</UniqueIdentifier>
      <Extensions>cxx</Extensions>
    </Filter>
    <Filter Include="Header Files">
      <UniqueIdentifier>{090FF360-6AF2-420D-A597-2CEB8E832B50}</UniqueIdentifier>
      <Extensions>h;hxx;ixx;txx</Extensions>
    </Filter>
  </ItemGroup>
  <ItemGroup>
    <ClInclude Include="person.hxx">
      <Filter>Header Files</Filter>
    </ClInclude>
    <ClInclude Include="person-odb.hxx">
      <Filter>Header Files</Filter>
    </ClInclude>
    <ClInclude Include="person-odb.ixx">
      <Filter>Header Files</Filter>
    </ClInclude>

    <ClInclude Include="oracle.hxx">
      <Filter>Header Files</Filter>
    </ClInclude>

  </ItemGroup>
  <ItemGroup>
    <ClCompile Include="driver.cxx">
      <Filter>Source Files</Filter>
    </ClCompile>
    <ClCompile Include="person-odb.cxx">
      <Filter>Source Files</Filter>
    </ClCompile>

  </ItemGroup>
</Project>
