
Microsoft Visual Studio Solution File, Format Version 12.00
# Visual Studio 2010
Project("{8BC9CEB8-8B4A-11D0-8D11-00A0C91BC942}") = "DAGMatcherLib", "..\DAGMatcherLib\DAGMatcherLib.vcxproj", "{9F1B0DEA-0C33-453A-9A2A-E680987E965C}"
	ProjectSection(ProjectDependencies) = postProject
		{89F3B40F-D0FF-3276-30F8-094B420403FC} = {89F3B40F-D0FF-3276-30F8-094B420403FC}
		{806C0F16-3C28-455E-9E07-BCE7F9F090D1} = {806C0F16-3C28-455E-9E07-BCE7F9F090D1}
		{AEEB1341-A0D6-4B46-A0D5-41B861095A6C} = {AEEB1341-A0D6-4B46-A0D5-41B861095A6C}
	EndProjectSection
EndProject
Project("{8BC9CEB8-8B4A-11D0-8D11-00A0C91BC942}") = "ShapeLearnerUser", "..\ShapeLearnerUser\ShapeLearnerUser.vcxproj", "{7AA676E5-64C1-4F14-A979-B11B986CCEA7}"
	ProjectSection(ProjectDependencies) = postProject
		{89F3B40F-D0FF-3276-30F8-094B420403FC} = {89F3B40F-D0FF-3276-30F8-094B420403FC}
		{5E04A811-C5E7-4EF6-A7E6-03703C7E5A8C} = {5E04A811-C5E7-4EF6-A7E6-03703C7E5A8C}
		{806C0F16-3C28-455E-9E07-BCE7F9F090D1} = {806C0F16-3C28-455E-9E07-BCE7F9F090D1}
		{E8403F32-FB49-46B4-A2B8-1C02A15D7C05} = {E8403F32-FB49-46B4-A2B8-1C02A15D7C05}
		{AEEB1341-A0D6-4B46-A0D5-41B861095A6C} = {AEEB1341-A0D6-4B46-A0D5-41B861095A6C}
		{9F1B0DEA-0C33-453A-9A2A-E680987E965C} = {9F1B0DEA-0C33-453A-9A2A-E680987E965C}
	EndProjectSection
EndProject
Project("{8BC9CEB8-8B4A-11D0-8D11-00A0C91BC942}") = "GraphDBLib", "..\GraphDBLib\GraphDBLib.vcxproj", "{AEEB1341-A0D6-4B46-A0D5-41B861095A6C}"
	ProjectSection(ProjectDependencies) = postProject
		{89F3B40F-D0FF-3276-30F8-094B420403FC} = {89F3B40F-D0FF-3276-30F8-094B420403FC}
		{806C0F16-3C28-455E-9E07-BCE7F9F090D1} = {806C0F16-3C28-455E-9E07-BCE7F9F090D1}
	EndProjectSection
EndProject
Project("{8BC9CEB8-8B4A-11D0-8D11-00A0C91BC942}") = "CLogger", "..\Logger\logger.vcxproj", "{89F3B40F-D0FF-3276-30F8-094B420403FC}"
	ProjectSection(ProjectDependencies) = postProject
		{806C0F16-3C28-455E-9E07-BCE7F9F090D1} = {806C0F16-3C28-455E-9E07-BCE7F9F090D1}
	EndProjectSection
EndProject
Project("{8BC9CEB8-8B4A-11D0-8D11-00A0C91BC942}") = "ShapeLearnerLib", "..\ShapeLearnerLib\ShapeLearnerLib.vcxproj", "{5E04A811-C5E7-4EF6-A7E6-03703C7E5A8C}"
	ProjectSection(ProjectDependencies) = postProject
		{89F3B40F-D0FF-3276-30F8-094B420403FC} = {89F3B40F-D0FF-3276-30F8-094B420403FC}
		{806C0F16-3C28-455E-9E07-BCE7F9F090D1} = {806C0F16-3C28-455E-9E07-BCE7F9F090D1}
		{AEEB1341-A0D6-4B46-A0D5-41B861095A6C} = {AEEB1341-A0D6-4B46-A0D5-41B861095A6C}
		{9F1B0DEA-0C33-453A-9A2A-E680987E965C} = {9F1B0DEA-0C33-453A-9A2A-E680987E965C}
	EndProjectSection
EndProject
Project("{8BC9CEB8-8B4A-11D0-8D11-00A0C91BC942}") = "StandardException", "..\StandardException\StandardException.vcxproj", "{806C0F16-3C28-455E-9E07-BCE7F9F090D1}"
EndProject
Project("{8BC9CEB8-8B4A-11D0-8D11-00A0C91BC942}") = "ShapeLearnerDLL", "..\ShapeLearnerDLL\ShapeLearnerDLL.vcxproj", "{E8403F32-FB49-46B4-A2B8-1C02A15D7C05}"
	ProjectSection(ProjectDependencies) = postProject
		{89F3B40F-D0FF-3276-30F8-094B420403FC} = {89F3B40F-D0FF-3276-30F8-094B420403FC}
		{5E04A811-C5E7-4EF6-A7E6-03703C7E5A8C} = {5E04A811-C5E7-4EF6-A7E6-03703C7E5A8C}
		{806C0F16-3C28-455E-9E07-BCE7F9F090D1} = {806C0F16-3C28-455E-9E07-BCE7F9F090D1}
		{AEEB1341-A0D6-4B46-A0D5-41B861095A6C} = {AEEB1341-A0D6-4B46-A0D5-41B861095A6C}
		{9F1B0DEA-0C33-453A-9A2A-E680987E965C} = {9F1B0DEA-0C33-453A-9A2A-E680987E965C}
	EndProjectSection
EndProject
Global
	GlobalSection(SolutionConfigurationPlatforms) = preSolution
		Debug|Win32 = Debug|Win32
		Release|Win32 = Release|Win32
	EndGlobalSection
	GlobalSection(ProjectConfigurationPlatforms) = postSolution
		{9F1B0DEA-0C33-453A-9A2A-E680987E965C}.Debug|Win32.ActiveCfg = Debug|Win32
		{9F1B0DEA-0C33-453A-9A2A-E680987E965C}.Debug|Win32.Build.0 = Debug|Win32
		{9F1B0DEA-0C33-453A-9A2A-E680987E965C}.Release|Win32.ActiveCfg = Release|Win32
		{9F1B0DEA-0C33-453A-9A2A-E680987E965C}.Release|Win32.Build.0 = Release|Win32
		{7AA676E5-64C1-4F14-A979-B11B986CCEA7}.Debug|Win32.ActiveCfg = Debug|Win32
		{7AA676E5-64C1-4F14-A979-B11B986CCEA7}.Debug|Win32.Build.0 = Debug|Win32
		{7AA676E5-64C1-4F14-A979-B11B986CCEA7}.Release|Win32.ActiveCfg = Release|Win32
		{7AA676E5-64C1-4F14-A979-B11B986CCEA7}.Release|Win32.Build.0 = Release|Win32
		{AEEB1341-A0D6-4B46-A0D5-41B861095A6C}.Debug|Win32.ActiveCfg = Debug|Win32
		{AEEB1341-A0D6-4B46-A0D5-41B861095A6C}.Debug|Win32.Build.0 = Debug|Win32
		{AEEB1341-A0D6-4B46-A0D5-41B861095A6C}.Release|Win32.ActiveCfg = Release|Win32
		{AEEB1341-A0D6-4B46-A0D5-41B861095A6C}.Release|Win32.Build.0 = Release|Win32
		{89F3B40F-D0FF-3276-30F8-094B420403FC}.Debug|Win32.ActiveCfg = Debug|Win32
		{89F3B40F-D0FF-3276-30F8-094B420403FC}.Debug|Win32.Build.0 = Debug|Win32
		{89F3B40F-D0FF-3276-30F8-094B420403FC}.Release|Win32.ActiveCfg = Release|Win32
		{89F3B40F-D0FF-3276-30F8-094B420403FC}.Release|Win32.Build.0 = Release|Win32
		{5E04A811-C5E7-4EF6-A7E6-03703C7E5A8C}.Debug|Win32.ActiveCfg = Debug|Win32
		{5E04A811-C5E7-4EF6-A7E6-03703C7E5A8C}.Debug|Win32.Build.0 = Debug|Win32
		{5E04A811-C5E7-4EF6-A7E6-03703C7E5A8C}.Release|Win32.ActiveCfg = Release|Win32
		{5E04A811-C5E7-4EF6-A7E6-03703C7E5A8C}.Release|Win32.Build.0 = Release|Win32
		{806C0F16-3C28-455E-9E07-BCE7F9F090D1}.Debug|Win32.ActiveCfg = Debug|Win32
		{806C0F16-3C28-455E-9E07-BCE7F9F090D1}.Debug|Win32.Build.0 = Debug|Win32
		{806C0F16-3C28-455E-9E07-BCE7F9F090D1}.Release|Win32.ActiveCfg = Release|Win32
		{806C0F16-3C28-455E-9E07-BCE7F9F090D1}.Release|Win32.Build.0 = Release|Win32
		{E8403F32-FB49-46B4-A2B8-1C02A15D7C05}.Debug|Win32.ActiveCfg = Debug|Win32
		{E8403F32-FB49-46B4-A2B8-1C02A15D7C05}.Debug|Win32.Build.0 = Debug|Win32
		{E8403F32-FB49-46B4-A2B8-1C02A15D7C05}.Release|Win32.ActiveCfg = Release|Win32
		{E8403F32-FB49-46B4-A2B8-1C02A15D7C05}.Release|Win32.Build.0 = Release|Win32
	EndGlobalSection
	GlobalSection(SolutionProperties) = preSolution
		HideSolutionNode = FALSE
	EndGlobalSection
	GlobalSection(ExtensibilityGlobals) = postSolution
		Qt5Version = Qt5
	EndGlobalSection
EndGlobal
