<?xml version="1.0" encoding="utf-8"?>
<Project ToolsVersion="4.0" xmlns="http://schemas.microsoft.com/developer/msbuild/2003">
  <ItemGroup>
    <Filter Include="Source Files">
      <UniqueIdentifier>{C2D1FACB-4037-4730-AF44-ABCE1303AEFD}</UniqueIdentifier>
      <Extensions>cxx</Extensions>
    </Filter>
    <Filter Include="Header Files">
      <UniqueIdentifier>{CDAA5175-590F-4FC4-B65A-3C45F3F4B6A3}</UniqueIdentifier>
      <Extensions>h;hxx;ixx;txx</Extensions>
    </Filter>
  </ItemGroup>
  <ItemGroup>
    <ClInclude Include="employee.hxx">
      <Filter>Header Files</Filter>
    </ClInclude>
    <ClInclude Include="employee-odb.hxx">
      <Filter>Header Files</Filter>
    </ClInclude>
    <ClInclude Include="employee-odb.ixx">
      <Filter>Header Files</Filter>
    </ClInclude>

    <ClInclude Include="sqlite.hxx">
      <Filter>Header Files</Filter>
    </ClInclude>

  </ItemGroup>
  <ItemGroup>
    <ClCompile Include="driver.cxx">
      <Filter>Source Files</Filter>
    </ClCompile>
    <ClCompile Include="employee-odb.cxx">
      <Filter>Source Files</Filter>
    </ClCompile>

  </ItemGroup>
</Project>
