<?xml version="1.0" encoding="UTF-8"?>
<Project ToolsVersion="4.0" xmlns="http://schemas.microsoft.com/developer/msbuild/2003">
  <ItemGroup>
    <ClCompile Include="..\..\..\..\..\cpp-netlib\libs\network\test\uri\uri_test.cpp">
      <Filter>Source Files</Filter>
    </ClCompile>
  </ItemGroup>
  <ItemGroup>
    <CustomBuild Include="..\..\..\..\..\cpp-netlib\libs\network\test\uri\CMakeLists.txt" />
  </ItemGroup>
  <ItemGroup>
    <Filter Include="Source Files">
      <UniqueIdentifier>{FE39E895-3FCF-4439-9B6B-11A88CD6BA89}</UniqueIdentifier>
    </Filter>
  </ItemGroup>
</Project>
