<?xml version="1.0" encoding="UTF-8"?>
<Project ToolsVersion="4.0" xmlns="http://schemas.microsoft.com/developer/msbuild/2003">
  <ItemGroup>
    <CustomBuild Include="..\..\..\..\CMakeFiles\43515e1e63aa340a772bb7161bbf7ec6\RUN_TESTS_force.rule">
      <Filter>CMake Rules</Filter>
    </CustomBuild>
  </ItemGroup>
  <ItemGroup>
    <Filter Include="CMake Rules">
      <UniqueIdentifier>{1B47F90B-C5EF-4D8F-89A0-C0A9C462EAB0}</UniqueIdentifier>
    </Filter>
  </ItemGroup>
</Project>
