<?xml version="1.0" encoding="utf-8"?>
<Project ToolsVersion="4.0" xmlns="http://schemas.microsoft.com/developer/msbuild/2003">
  <ItemGroup>
    <Filter Include="Source Files">
      <UniqueIdentifier>{1C9AA0A4-F01B-4053-9925-C2D49430812C}</UniqueIdentifier>
      <Extensions>cxx</Extensions>
    </Filter>
    <Filter Include="Header Files">
      <UniqueIdentifier>{63D6EB70-08A3-4C56-B28D-2B23DCF2DD69}</UniqueIdentifier>
      <Extensions>h;hxx;ixx;txx</Extensions>
    </Filter>
  </ItemGroup>
  <ItemGroup>
    <ClInclude Include="employee.hxx">
      <Filter>Header Files</Filter>
    </ClInclude>
    <ClInclude Include="employee-odb.hxx">
      <Filter>Header Files</Filter>
    </ClInclude>
    <ClInclude Include="employee-odb.ixx">
      <Filter>Header Files</Filter>
    </ClInclude>

    <ClInclude Include="oracle.hxx">
      <Filter>Header Files</Filter>
    </ClInclude>

  </ItemGroup>
  <ItemGroup>
    <ClCompile Include="driver.cxx">
      <Filter>Source Files</Filter>
    </ClCompile>
    <ClCompile Include="employee-odb.cxx">
      <Filter>Source Files</Filter>
    </ClCompile>

  </ItemGroup>
</Project>
