<?xml version="1.0" encoding="utf-8"?>
<Project ToolsVersion="4.0" xmlns="http://schemas.microsoft.com/developer/msbuild/2003">
  <ItemGroup>
    <Filter Include="Source Files">
      <UniqueIdentifier>{CD9EC5F8-0A85-410A-AD18-494B5D79D5DC}</UniqueIdentifier>
      <Extensions>cxx</Extensions>
    </Filter>
    <Filter Include="Header Files">
      <UniqueIdentifier>{BFEBA899-8322-40A0-AC8C-E139C53C120E}</UniqueIdentifier>
      <Extensions>h;hxx;ixx;txx</Extensions>
    </Filter>
  </ItemGroup>
  <ItemGroup>
    <ClInclude Include="employee.hxx">
      <Filter>Header Files</Filter>
    </ClInclude>
    <ClInclude Include="employee-odb.hxx">
      <Filter>Header Files</Filter>
    </ClInclude>
    <ClInclude Include="employee-odb.ixx">
      <Filter>Header Files</Filter>
    </ClInclude>

    <ClInclude Include="oracle.hxx">
      <Filter>Header Files</Filter>
    </ClInclude>

  </ItemGroup>
  <ItemGroup>
    <ClCompile Include="driver.cxx">
      <Filter>Source Files</Filter>
    </ClCompile>
    <ClCompile Include="employee-odb.cxx">
      <Filter>Source Files</Filter>
    </ClCompile>

    <ClCompile Include="employee.cxx">
      <Filter>Source Files</Filter>
    </ClCompile>
  </ItemGroup>
</Project>
