<?xml version="1.0" encoding="utf-8"?>
<Project ToolsVersion="4.0" xmlns="http://schemas.microsoft.com/developer/msbuild/2003">
  <ItemGroup>
    <Filter Include="Fichiers sources">
      <UniqueIdentifier>{4FC737F1-C7A5-4376-A066-2A32D752A2FF}</UniqueIdentifier>
      <Extensions>cpp;c;cc;cxx;def;odl;idl;hpj;bat;asm;asmx</Extensions>
    </Filter>
    <Filter Include="Fichiers d%27en-tête">
      <UniqueIdentifier>{93995380-89BD-4b04-88EB-625FBE52EBFB}</UniqueIdentifier>
      <Extensions>h;hpp;hxx;hm;inl;inc;xsd</Extensions>
    </Filter>
    <Filter Include="Precompiled Headers">
      <UniqueIdentifier>{4cb93c9e-96e4-40a0-a5a5-1128fc2e9342}</UniqueIdentifier>
    </Filter>
    <Filter Include="DAGMatcherLib">
      <UniqueIdentifier>{a7eb1b28-92db-4bb8-b877-993bc65974b7}</UniqueIdentifier>
    </Filter>
    <Filter Include="base64">
      <UniqueIdentifier>{4a6a21e2-61f0-48da-95ba-4ad39fcf5a1e}</UniqueIdentifier>
    </Filter>
  </ItemGroup>
  <ItemGroup>
    <ClInclude Include="..\DAGMatcherLib\Headers\BasicTypedefs.h">
      <Filter>Fichiers d%27en-tête</Filter>
    </ClInclude>
    <ClInclude Include="..\DAGMatcherLib\Headers\BasicTypes.h">
      <Filter>Fichiers d%27en-tête</Filter>
    </ClInclude>
    <ClInclude Include="..\DAGMatcherLib\Headers\BasicUtils.h">
      <Filter>Fichiers d%27en-tête</Filter>
    </ClInclude>
    <ClInclude Include="..\DAGMatcherLib\Headers\BGEdge.h">
      <Filter>Fichiers d%27en-tête</Filter>
    </ClInclude>
    <ClInclude Include="..\DAGMatcherLib\Headers\BGElement.h">
      <Filter>Fichiers d%27en-tête</Filter>
    </ClInclude>
    <ClInclude Include="..\DAGMatcherLib\Headers\BGNode.h">
      <Filter>Fichiers d%27en-tête</Filter>
    </ClInclude>
    <ClInclude Include="..\DAGMatcherLib\Headers\BGSimilarityMeasurer.h">
      <Filter>Fichiers d%27en-tête</Filter>
    </ClInclude>
    <ClInclude Include="..\DAGMatcherLib\Headers\BipartiteGraph.h">
      <Filter>Fichiers d%27en-tête</Filter>
    </ClInclude>
    <ClInclude Include="..\DAGMatcherLib\Headers\BipartiteNodeGraph.h">
      <Filter>Fichiers d%27en-tête</Filter>
    </ClInclude>
    <ClInclude Include="..\DAGMatcherLib\Headers\BoneGraph.h">
      <Filter>Fichiers d%27en-tête</Filter>
    </ClInclude>
    <ClInclude Include="..\DAGMatcherLib\Headers\BoneGraphConstructor.h">
      <Filter>Fichiers d%27en-tête</Filter>
    </ClInclude>
    <ClInclude Include="..\DAGMatcherLib\Headers\BoneGraphView.h">
      <Filter>Fichiers d%27en-tête</Filter>
    </ClInclude>
    <ClInclude Include="..\DAGMatcherLib\Headers\BoundaryCorner.h">
      <Filter>Fichiers d%27en-tête</Filter>
    </ClInclude>
    <ClInclude Include="..\DAGMatcherLib\Headers\BoundaryInterval.h">
      <Filter>Fichiers d%27en-tête</Filter>
    </ClInclude>
    <ClInclude Include="..\DAGMatcherLib\Headers\BoundaryIntervalWithGaps.h">
      <Filter>Fichiers d%27en-tête</Filter>
    </ClInclude>
    <ClInclude Include="..\DAGMatcherLib\Headers\BoundaryPointFinder.h">
      <Filter>Fichiers d%27en-tête</Filter>
    </ClInclude>
    <ClInclude Include="..\DAGMatcherLib\Headers\BranchSegment.h">
      <Filter>Fichiers d%27en-tête</Filter>
    </ClInclude>
    <ClInclude Include="..\DAGMatcherLib\Headers\BranchSegmentList.h">
      <Filter>Fichiers d%27en-tête</Filter>
    </ClInclude>
    <ClInclude Include="..\DAGMatcherLib\Headers\BranchWalkInfo.h">
      <Filter>Fichiers d%27en-tête</Filter>
    </ClInclude>
    <ClInclude Include="..\DAGMatcherLib\Headers\CompareHistogram.h">
      <Filter>Fichiers d%27en-tête</Filter>
    </ClInclude>
    <ClInclude Include="..\DAGMatcherLib\Headers\DAG.h">
      <Filter>Fichiers d%27en-tête</Filter>
    </ClInclude>
    <ClInclude Include="..\DAGMatcherLib\Headers\DAGDatabase.h">
      <Filter>Fichiers d%27en-tête</Filter>
    </ClInclude>
    <ClInclude Include="..\DAGMatcherLib\Headers\DAGDBFile.h">
      <Filter>Fichiers d%27en-tête</Filter>
    </ClInclude>
    <ClInclude Include="..\DAGMatcherLib\Headers\DAGEdge.h">
      <Filter>Fichiers d%27en-tête</Filter>
    </ClInclude>
    <ClInclude Include="..\DAGMatcherLib\Headers\DAGMatcher.h">
      <Filter>Fichiers d%27en-tête</Filter>
    </ClInclude>
    <ClInclude Include="..\DAGMatcherLib\Headers\DAGMatcherAdaptive.h">
      <Filter>Fichiers d%27en-tête</Filter>
    </ClInclude>
    <ClInclude Include="..\DAGMatcherLib\Headers\DAGMatcherGreedy.h">
      <Filter>Fichiers d%27en-tête</Filter>
    </ClInclude>
    <ClInclude Include="..\DAGMatcherLib\Headers\DAGMatcherOptimal.h">
      <Filter>Fichiers d%27en-tête</Filter>
    </ClInclude>
    <ClInclude Include="..\DAGMatcherLib\Headers\DAGMatcherTopological.h">
      <Filter>Fichiers d%27en-tête</Filter>
    </ClInclude>
    <ClInclude Include="..\DAGMatcherLib\Headers\DAGNode.h">
      <Filter>Fichiers d%27en-tête</Filter>
    </ClInclude>
    <ClInclude Include="..\DAGMatcherLib\Headers\DAGSearchDatabase.h">
      <Filter>Fichiers d%27en-tête</Filter>
    </ClInclude>
    <ClInclude Include="..\DAGMatcherLib\Headers\DAGView.h">
      <Filter>Fichiers d%27en-tête</Filter>
    </ClInclude>
    <ClInclude Include="..\DAGMatcherLib\Headers\DDSGraphUtils.h">
      <Filter>Fichiers d%27en-tête</Filter>
    </ClInclude>
    <ClInclude Include="..\DAGMatcherLib\Headers\DirWalker.h">
      <Filter>Fichiers d%27en-tête</Filter>
    </ClInclude>
    <ClInclude Include="..\DAGMatcherLib\Headers\DMLString.h">
      <Filter>Fichiers d%27en-tête</Filter>
    </ClInclude>
    <ClInclude Include="..\DAGMatcherLib\Headers\Emd.h">
      <Filter>Fichiers d%27en-tête</Filter>
    </ClInclude>
    <ClInclude Include="..\DAGMatcherLib\Headers\EuclideanLineSegment.h">
      <Filter>Fichiers d%27en-tête</Filter>
    </ClInclude>
    <ClInclude Include="..\DAGMatcherLib\Headers\Exceptions.h">
      <Filter>Fichiers d%27en-tête</Filter>
    </ClInclude>
    <ClInclude Include="..\DAGMatcherLib\Headers\GeneralizedSkeletalGraph.h">
      <Filter>Fichiers d%27en-tête</Filter>
    </ClInclude>
    <ClInclude Include="..\DAGMatcherLib\Headers\GestureGraph.h">
      <Filter>Fichiers d%27en-tête</Filter>
    </ClInclude>
    <ClInclude Include="..\DAGMatcherLib\Headers\GGNode.h">
      <Filter>Fichiers d%27en-tête</Filter>
    </ClInclude>
    <ClInclude Include="..\DAGMatcherLib\Headers\HelperFunctions.h">
      <Filter>Fichiers d%27en-tête</Filter>
    </ClInclude>
    <ClInclude Include="..\DAGMatcherLib\Headers\ImageProcessing.h">
      <Filter>Fichiers d%27en-tête</Filter>
    </ClInclude>
    <ClInclude Include="..\DAGMatcherLib\Headers\KDTree.h">
      <Filter>Fichiers d%27en-tête</Filter>
    </ClInclude>
    <ClInclude Include="..\DAGMatcherLib\Headers\LEDA_graphwin_utils.h">
      <Filter>Fichiers d%27en-tête</Filter>
    </ClInclude>
    <ClInclude Include="..\DAGMatcherLib\Headers\LEDA_issues.h">
      <Filter>Fichiers d%27en-tête</Filter>
    </ClInclude>
    <ClInclude Include="..\DAGMatcherLib\Headers\LEDA_utils.h">
      <Filter>Fichiers d%27en-tête</Filter>
    </ClInclude>
    <ClInclude Include="..\DAGMatcherLib\Headers\LEDA_window_utils.h">
      <Filter>Fichiers d%27en-tête</Filter>
    </ClInclude>
    <ClInclude Include="..\DAGMatcherLib\Headers\LigatureSegment.h">
      <Filter>Fichiers d%27en-tête</Filter>
    </ClInclude>
    <ClInclude Include="..\DAGMatcherLib\Headers\LigatureSegmentList.h">
      <Filter>Fichiers d%27en-tête</Filter>
    </ClInclude>
    <ClInclude Include="..\DAGMatcherLib\Headers\MatchedNodePair.h">
      <Filter>Fichiers d%27en-tête</Filter>
    </ClInclude>
    <ClInclude Include="..\DAGMatcherLib\Headers\MatchInfoList.h">
      <Filter>Fichiers d%27en-tête</Filter>
    </ClInclude>
    <ClInclude Include="..\DAGMatcherLib\Headers\MedialAxisCorner.h">
      <Filter>Fichiers d%27en-tête</Filter>
    </ClInclude>
    <ClInclude Include="..\DAGMatcherLib\Headers\ModelFit.h">
      <Filter>Fichiers d%27en-tête</Filter>
    </ClInclude>
    <ClInclude Include="..\DAGMatcherLib\Headers\NodeAssignment.h">
      <Filter>Fichiers d%27en-tête</Filter>
    </ClInclude>
    <ClInclude Include="..\DAGMatcherLib\Headers\NodeMatchInfo.h">
      <Filter>Fichiers d%27en-tête</Filter>
    </ClInclude>
    <ClInclude Include="..\DAGMatcherLib\Headers\NodePairInfo.h">
      <Filter>Fichiers d%27en-tête</Filter>
    </ClInclude>
    <ClInclude Include="..\DAGMatcherLib\Headers\PartnerBranch.h">
      <Filter>Fichiers d%27en-tête</Filter>
    </ClInclude>
    <ClInclude Include="..\DAGMatcherLib\Headers\PiecewiseApprox.h">
      <Filter>Fichiers d%27en-tête</Filter>
    </ClInclude>
    <ClInclude Include="..\DAGMatcherLib\Headers\PiecewiseCurves.h">
      <Filter>Fichiers d%27en-tête</Filter>
    </ClInclude>
    <ClInclude Include="..\DAGMatcherLib\Headers\PlotView.h">
      <Filter>Fichiers d%27en-tête</Filter>
    </ClInclude>
    <ClInclude Include="..\DAGMatcherLib\Headers\PolyBezierApprox.h">
      <Filter>Fichiers d%27en-tête</Filter>
    </ClInclude>
    <ClInclude Include="..\DAGMatcherLib\Headers\PolyLineApprox.h">
      <Filter>Fichiers d%27en-tête</Filter>
    </ClInclude>
    <ClInclude Include="..\DAGMatcherLib\Headers\PolyLineTLSApprox.h">
      <Filter>Fichiers d%27en-tête</Filter>
    </ClInclude>
    <ClInclude Include="..\DAGMatcherLib\Headers\PolyLineWarper.h">
      <Filter>Fichiers d%27en-tête</Filter>
    </ClInclude>
    <ClInclude Include="..\DAGMatcherLib\Headers\SGNode.h">
      <Filter>Fichiers d%27en-tête</Filter>
    </ClInclude>
    <ClInclude Include="..\DAGMatcherLib\Headers\SGSimilarityMeasurer.h">
      <Filter>Fichiers d%27en-tête</Filter>
    </ClInclude>
    <ClInclude Include="..\DAGMatcherLib\Headers\SharedPtr.h">
      <Filter>Fichiers d%27en-tête</Filter>
    </ClInclude>
    <ClInclude Include="..\DAGMatcherLib\Headers\ShockGraph.h">
      <Filter>Fichiers d%27en-tête</Filter>
    </ClInclude>
    <ClInclude Include="..\DAGMatcherLib\Headers\ShockGraphView.h">
      <Filter>Fichiers d%27en-tête</Filter>
    </ClInclude>
    <ClInclude Include="..\DAGMatcherLib\Headers\ShockPoint.h">
      <Filter>Fichiers d%27en-tête</Filter>
    </ClInclude>
    <ClInclude Include="..\DAGMatcherLib\Headers\SimilarityMeasurer.h">
      <Filter>Fichiers d%27en-tête</Filter>
    </ClInclude>
    <ClInclude Include="..\DAGMatcherLib\Headers\SimilarityMeasurerT.h">
      <Filter>Fichiers d%27en-tête</Filter>
    </ClInclude>
    <ClInclude Include="..\DAGMatcherLib\Headers\SkeletalGraph.h">
      <Filter>Fichiers d%27en-tête</Filter>
    </ClInclude>
    <ClInclude Include="..\DAGMatcherLib\Headers\SmartArray.h">
      <Filter>Fichiers d%27en-tête</Filter>
    </ClInclude>
    <ClInclude Include="..\DAGMatcherLib\Headers\SmartMatrix.h">
      <Filter>Fichiers d%27en-tête</Filter>
    </ClInclude>
    <ClInclude Include="..\DAGMatcherLib\Headers\SmartPtr.h">
      <Filter>Fichiers d%27en-tête</Filter>
    </ClInclude>
    <ClInclude Include="..\DAGMatcherLib\Headers\SolutionSet.h">
      <Filter>Fichiers d%27en-tête</Filter>
    </ClInclude>
    <ClInclude Include="..\DAGMatcherLib\Headers\TSV.h">
      <Filter>Fichiers d%27en-tête</Filter>
    </ClInclude>
    <ClInclude Include="..\DAGMatcherLib\Headers\UnixFuncPrototypes.h">
      <Filter>Fichiers d%27en-tête</Filter>
    </ClInclude>
    <ClInclude Include="..\DAGMatcherLib\Headers\Vector.h">
      <Filter>Fichiers d%27en-tête</Filter>
    </ClInclude>
    <ClInclude Include="..\DAGMatcherLib\Headers\VisualDAG.h">
      <Filter>Fichiers d%27en-tête</Filter>
    </ClInclude>
    <ClInclude Include="..\DAGMatcherLib\Headers\VoteCounter.h">
      <Filter>Fichiers d%27en-tête</Filter>
    </ClInclude>
    <ClInclude Include="..\DAGMatcherLib\Headers\XORIntegral.h">
      <Filter>Fichiers d%27en-tête</Filter>
    </ClInclude>
    <ClInclude Include="Headers\PiecewiseApprox.hxx">
      <Filter>Fichiers d%27en-tête</Filter>
    </ClInclude>
    <ClInclude Include="Headers\stdafx.h">
      <Filter>Precompiled Headers</Filter>
    </ClInclude>
    <ClInclude Include="Headers\DAGMatcherLib.h">
      <Filter>DAGMatcherLib</Filter>
    </ClInclude>
    <ClInclude Include="Headers\base64.h">
      <Filter>base64</Filter>
    </ClInclude>
  </ItemGroup>
  <ItemGroup>
    <ClCompile Include="..\DAGMatcherLib\Sources\BasicTypes.cpp">
      <Filter>Fichiers sources</Filter>
    </ClCompile>
    <ClCompile Include="..\DAGMatcherLib\Sources\BGEdge.cpp">
      <Filter>Fichiers sources</Filter>
    </ClCompile>
    <ClCompile Include="..\DAGMatcherLib\Sources\BGElement.cpp">
      <Filter>Fichiers sources</Filter>
    </ClCompile>
    <ClCompile Include="..\DAGMatcherLib\Sources\BGNode.cpp">
      <Filter>Fichiers sources</Filter>
    </ClCompile>
    <ClCompile Include="..\DAGMatcherLib\Sources\BGSimilarityMeasurer.cpp">
      <Filter>Fichiers sources</Filter>
    </ClCompile>
    <ClCompile Include="..\DAGMatcherLib\Sources\BipartiteNodeGraph.cpp">
      <Filter>Fichiers sources</Filter>
    </ClCompile>
    <ClCompile Include="..\DAGMatcherLib\Sources\BoneGraph.cpp">
      <Filter>Fichiers sources</Filter>
    </ClCompile>
    <ClCompile Include="..\DAGMatcherLib\Sources\BoneGraphConstructor.cpp">
      <Filter>Fichiers sources</Filter>
    </ClCompile>
    <ClCompile Include="..\DAGMatcherLib\Sources\BoneGraphView.cpp">
      <Filter>Fichiers sources</Filter>
    </ClCompile>
    <ClCompile Include="..\DAGMatcherLib\Sources\BoundaryCorner.cpp">
      <Filter>Fichiers sources</Filter>
    </ClCompile>
    <ClCompile Include="..\DAGMatcherLib\Sources\BoundaryInterval.cpp">
      <Filter>Fichiers sources</Filter>
    </ClCompile>
    <ClCompile Include="..\DAGMatcherLib\Sources\BoundaryIntervalWithGaps.cpp">
      <Filter>Fichiers sources</Filter>
    </ClCompile>
    <ClCompile Include="..\DAGMatcherLib\Sources\BoundaryPointFinder.cpp">
      <Filter>Fichiers sources</Filter>
    </ClCompile>
    <ClCompile Include="..\DAGMatcherLib\Sources\BranchSegment.cpp">
      <Filter>Fichiers sources</Filter>
    </ClCompile>
    <ClCompile Include="..\DAGMatcherLib\Sources\BranchSegmentList.cpp">
      <Filter>Fichiers sources</Filter>
    </ClCompile>
    <ClCompile Include="..\DAGMatcherLib\Sources\BranchWalkInfo.cpp">
      <Filter>Fichiers sources</Filter>
    </ClCompile>
    <ClCompile Include="..\DAGMatcherLib\Sources\CompareHistogram.cpp">
      <Filter>Fichiers sources</Filter>
    </ClCompile>
    <ClCompile Include="..\DAGMatcherLib\Sources\DAG.cpp">
      <Filter>Fichiers sources</Filter>
    </ClCompile>
    <ClCompile Include="..\DAGMatcherLib\Sources\DAGDatabase.cpp">
      <Filter>Fichiers sources</Filter>
    </ClCompile>
    <ClCompile Include="..\DAGMatcherLib\Sources\DAGDBFile.cpp">
      <Filter>Fichiers sources</Filter>
    </ClCompile>
    <ClCompile Include="..\DAGMatcherLib\Sources\DAGMatcher.cpp">
      <Filter>Fichiers sources</Filter>
    </ClCompile>
    <ClCompile Include="..\DAGMatcherLib\Sources\DAGMatcherAdaptive.cpp">
      <Filter>Fichiers sources</Filter>
    </ClCompile>
    <ClCompile Include="..\DAGMatcherLib\Sources\DAGMatcherGreedy.cpp">
      <Filter>Fichiers sources</Filter>
    </ClCompile>
    <ClCompile Include="..\DAGMatcherLib\Sources\DAGMatcherOptimal.cpp">
      <Filter>Fichiers sources</Filter>
    </ClCompile>
    <ClCompile Include="..\DAGMatcherLib\Sources\DAGMatcherTopological.cpp">
      <Filter>Fichiers sources</Filter>
    </ClCompile>
    <ClCompile Include="..\DAGMatcherLib\Sources\DAGNode.cpp">
      <Filter>Fichiers sources</Filter>
    </ClCompile>
    <ClCompile Include="..\DAGMatcherLib\Sources\DAGSearchDatabase.cpp">
      <Filter>Fichiers sources</Filter>
    </ClCompile>
    <ClCompile Include="..\DAGMatcherLib\Sources\DAGView.cpp">
      <Filter>Fichiers sources</Filter>
    </ClCompile>
    <ClCompile Include="..\DAGMatcherLib\Sources\DDSGraphUtils.cpp">
      <Filter>Fichiers sources</Filter>
    </ClCompile>
    <ClCompile Include="..\DAGMatcherLib\Sources\DirWalker.cpp">
      <Filter>Fichiers sources</Filter>
    </ClCompile>
    <ClCompile Include="..\DAGMatcherLib\Sources\Emd.cpp">
      <Filter>Fichiers sources</Filter>
    </ClCompile>
    <ClCompile Include="..\DAGMatcherLib\Sources\GeneralizedSkeletalGraph.cpp">
      <Filter>Fichiers sources</Filter>
    </ClCompile>
    <ClCompile Include="..\DAGMatcherLib\Sources\GestureGraph.cpp">
      <Filter>Fichiers sources</Filter>
    </ClCompile>
    <ClCompile Include="..\DAGMatcherLib\Sources\GGNode.cpp">
      <Filter>Fichiers sources</Filter>
    </ClCompile>
    <ClCompile Include="..\DAGMatcherLib\Sources\HelperFunctions.cpp">
      <Filter>Fichiers sources</Filter>
    </ClCompile>
    <ClCompile Include="..\DAGMatcherLib\Sources\ImageProcessing.cpp">
      <Filter>Fichiers sources</Filter>
    </ClCompile>
    <ClCompile Include="..\DAGMatcherLib\Sources\KDTree.cpp">
      <Filter>Fichiers sources</Filter>
    </ClCompile>
    <ClCompile Include="..\DAGMatcherLib\Sources\LigatureSegment.cpp">
      <Filter>Fichiers sources</Filter>
    </ClCompile>
    <ClCompile Include="..\DAGMatcherLib\Sources\LigatureSegmentList.cpp">
      <Filter>Fichiers sources</Filter>
    </ClCompile>
    <ClCompile Include="..\DAGMatcherLib\Sources\MatchedNodePair.cpp">
      <Filter>Fichiers sources</Filter>
    </ClCompile>
    <ClCompile Include="..\DAGMatcherLib\Sources\MedialAxisCorner.cpp">
      <Filter>Fichiers sources</Filter>
    </ClCompile>
    <ClCompile Include="..\DAGMatcherLib\Sources\ModelFit.cpp">
      <Filter>Fichiers sources</Filter>
    </ClCompile>
    <ClCompile Include="..\DAGMatcherLib\Sources\NodeAssignment.cpp">
      <Filter>Fichiers sources</Filter>
    </ClCompile>
    <ClCompile Include="..\DAGMatcherLib\Sources\NodeMatchInfo.cpp">
      <Filter>Fichiers sources</Filter>
    </ClCompile>
    <ClCompile Include="..\DAGMatcherLib\Sources\PlotView.cpp">
      <Filter>Fichiers sources</Filter>
    </ClCompile>
    <ClCompile Include="..\DAGMatcherLib\Sources\PolyBezierApprox.cpp">
      <Filter>Fichiers sources</Filter>
    </ClCompile>
    <ClCompile Include="..\DAGMatcherLib\Sources\PolyLineApprox.cpp">
      <Filter>Fichiers sources</Filter>
    </ClCompile>
    <ClCompile Include="..\DAGMatcherLib\Sources\PolyLineTLSApprox.cpp">
      <Filter>Fichiers sources</Filter>
    </ClCompile>
    <ClCompile Include="..\DAGMatcherLib\Sources\PolyLineWarper.cpp">
      <Filter>Fichiers sources</Filter>
    </ClCompile>
    <ClCompile Include="..\DAGMatcherLib\Sources\SGNode.cpp">
      <Filter>Fichiers sources</Filter>
    </ClCompile>
    <ClCompile Include="..\DAGMatcherLib\Sources\SGSimilarityMeasurer.cpp">
      <Filter>Fichiers sources</Filter>
    </ClCompile>
    <ClCompile Include="..\DAGMatcherLib\Sources\ShockGraph.cpp">
      <Filter>Fichiers sources</Filter>
    </ClCompile>
    <ClCompile Include="..\DAGMatcherLib\Sources\ShockGraphView.cpp">
      <Filter>Fichiers sources</Filter>
    </ClCompile>
    <ClCompile Include="..\DAGMatcherLib\Sources\SkeletalGraph.cpp">
      <Filter>Fichiers sources</Filter>
    </ClCompile>
    <ClCompile Include="..\DAGMatcherLib\Sources\TSV.cpp">
      <Filter>Fichiers sources</Filter>
    </ClCompile>
    <ClCompile Include="..\DAGMatcherLib\Sources\VisualDAG.cpp">
      <Filter>Fichiers sources</Filter>
    </ClCompile>
    <ClCompile Include="..\DAGMatcherLib\Sources\VoteCounter.cpp">
      <Filter>Fichiers sources</Filter>
    </ClCompile>
    <ClCompile Include="..\DAGMatcherLib\Sources\XORIntegral.cpp">
      <Filter>Fichiers sources</Filter>
    </ClCompile>
    <ClCompile Include="Sources\stdafx.cpp">
      <Filter>Precompiled Headers</Filter>
    </ClCompile>
    <ClCompile Include="Sources\DAGMatcherLib.cpp">
      <Filter>DAGMatcherLib</Filter>
    </ClCompile>
    <ClCompile Include="Sources\base64.cpp">
      <Filter>base64</Filter>
    </ClCompile>
  </ItemGroup>
</Project>