<?xml version="1.0" encoding="utf-8"?>
<Project ToolsVersion="4.0" xmlns="http://schemas.microsoft.com/developer/msbuild/2003">
  <ItemGroup>
    <Filter Include="Source Files">
      <UniqueIdentifier>{F1131FFB-B986-4970-A609-3C3D694050F2}</UniqueIdentifier>
      <Extensions>cxx</Extensions>
    </Filter>
    <Filter Include="Header Files">
      <UniqueIdentifier>{6E578A3C-1D21-487D-B167-BE5492C955BB}</UniqueIdentifier>
      <Extensions>h;hxx;ixx;txx</Extensions>
    </Filter>
  </ItemGroup>
  <ItemGroup>
    <ClInclude Include="person.hxx">
      <Filter>Header Files</Filter>
    </ClInclude>
    <ClInclude Include="person-odb.hxx">
      <Filter>Header Files</Filter>
    </ClInclude>
    <ClInclude Include="person-odb.ixx">
      <Filter>Header Files</Filter>
    </ClInclude>

    <ClInclude Include="mssql.hxx">
      <Filter>Header Files</Filter>
    </ClInclude>

  </ItemGroup>
  <ItemGroup>
    <ClCompile Include="driver.cxx">
      <Filter>Source Files</Filter>
    </ClCompile>
    <ClCompile Include="person-odb.cxx">
      <Filter>Source Files</Filter>
    </ClCompile>

  </ItemGroup>
</Project>
