Microsoft Visual Studio Solution File, Format Version 11.00
# Visual Studio 2010
Project("{8BC9CEB8-8B4A-11D0-8D11-00A0C91BC942}") = "ALL_BUILD", "ALL_BUILD.vcxproj", "{5B75AF52-3EE4-45DA-B824-75B06676AF31}"
	ProjectSection(ProjectDependencies) = postProject
		{29787EC6-83A6-49E3-8664-B86AC69EEAF5} = {29787EC6-83A6-49E3-8664-B86AC69EEAF5}
		{A7335C38-E164-43F2-BEE8-8C6993E5495D} = {A7335C38-E164-43F2-BEE8-8C6993E5495D}
		{C6A93A60-629C-4BF0-B5D3-912B066606B0} = {C6A93A60-629C-4BF0-B5D3-912B066606B0}
		{8364B92B-B987-41CB-9E67-482AE2A1C2AD} = {8364B92B-B987-41CB-9E67-482AE2A1C2AD}
		{C68389BE-B841-4BDA-B5FE-927953C52F5E} = {C68389BE-B841-4BDA-B5FE-927953C52F5E}
		{181E88E9-876B-4678-8F72-046B3D2BD777} = {181E88E9-876B-4678-8F72-046B3D2BD777}
		{F3F7BCEA-1D74-4D74-B45D-E609ADC57F66} = {F3F7BCEA-1D74-4D74-B45D-E609ADC57F66}
		{EDB0696C-EADA-43BB-AC5A-0E5C608093DA} = {EDB0696C-EADA-43BB-AC5A-0E5C608093DA}
		{320952F1-92B6-4A2D-BB3A-F59BA8DD93F1} = {320952F1-92B6-4A2D-BB3A-F59BA8DD93F1}
		{5DD53A9A-0EB8-40B4-A79E-56C47D24B1C5} = {5DD53A9A-0EB8-40B4-A79E-56C47D24B1C5}
		{DE32A3DE-A85C-45E6-A9ED-D19329891CEC} = {DE32A3DE-A85C-45E6-A9ED-D19329891CEC}
		{B50B6781-2E27-4298-AFA2-88BD1164185A} = {B50B6781-2E27-4298-AFA2-88BD1164185A}
		{212975A8-3541-4517-95EC-C20E1A61D62B} = {212975A8-3541-4517-95EC-C20E1A61D62B}
		{21269B1E-3B4E-41C1-A672-0085DB553BAF} = {21269B1E-3B4E-41C1-A672-0085DB553BAF}
		{6C2EEF82-C7FA-4209-AD34-2DDDF35357E3} = {6C2EEF82-C7FA-4209-AD34-2DDDF35357E3}
		{C4A2CDA8-0DE6-4F1A-AA49-C2EE68B37877} = {C4A2CDA8-0DE6-4F1A-AA49-C2EE68B37877}
		{F0230DEF-3D16-4BA8-9DF2-E6D5600557A4} = {F0230DEF-3D16-4BA8-9DF2-E6D5600557A4}
		{A3A14151-2D7F-4A71-BAE0-44F0C75A34CE} = {A3A14151-2D7F-4A71-BAE0-44F0C75A34CE}
		{FD7F0625-0F7F-42A4-8FFF-08FBF9F16DE9} = {FD7F0625-0F7F-42A4-8FFF-08FBF9F16DE9}
		{A5A366D0-A11F-4970-94DF-CEBB0FFEAF04} = {A5A366D0-A11F-4970-94DF-CEBB0FFEAF04}
		{E9F2C0E2-910C-458F-AB7B-139B64DD84D7} = {E9F2C0E2-910C-458F-AB7B-139B64DD84D7}
		{F2F8B8DC-45E6-4E0E-A9A3-6A9AB6A893D3} = {F2F8B8DC-45E6-4E0E-A9A3-6A9AB6A893D3}
		{205A4AB9-445F-4D51-844A-36F8A660338C} = {205A4AB9-445F-4D51-844A-36F8A660338C}
		{4A860585-9568-422B-A44F-7D05436CB2BC} = {4A860585-9568-422B-A44F-7D05436CB2BC}
		{F4041C2D-FB39-4329-9DC8-ED25C758B749} = {F4041C2D-FB39-4329-9DC8-ED25C758B749}
		{0BB5E551-459A-4A93-8CFB-33BCAF79F217} = {0BB5E551-459A-4A93-8CFB-33BCAF79F217}
		{12BC3A86-7393-4E68-A7A8-6317FE1F9CFD} = {12BC3A86-7393-4E68-A7A8-6317FE1F9CFD}
		{DAA9C631-DF65-4F5D-B798-FFABB890AAA6} = {DAA9C631-DF65-4F5D-B798-FFABB890AAA6}
		{7EAE0A2D-42D8-48BE-AE22-A8261E8ADA88} = {7EAE0A2D-42D8-48BE-AE22-A8261E8ADA88}
		{0CA964AC-85D2-4D57-91A7-167302BA3855} = {0CA964AC-85D2-4D57-91A7-167302BA3855}
		{83613AED-D247-4012-9FCC-73E478F3A92A} = {83613AED-D247-4012-9FCC-73E478F3A92A}
		{52A7424C-5A83-4248-AC6D-8B0704216794} = {52A7424C-5A83-4248-AC6D-8B0704216794}
	EndProjectSection
EndProject
Project("{8BC9CEB8-8B4A-11D0-8D11-00A0C91BC942}") = "INSTALL", "INSTALL.vcxproj", "{94F4ED05-218A-470A-B667-E5F1F3A78606}"
	ProjectSection(ProjectDependencies) = postProject
		{5B75AF52-3EE4-45DA-B824-75B06676AF31} = {5B75AF52-3EE4-45DA-B824-75B06676AF31}
	EndProjectSection
EndProject
Project("{8BC9CEB8-8B4A-11D0-8D11-00A0C91BC942}") = "RUN_TESTS", "RUN_TESTS.vcxproj", "{3F2AF3EA-6A49-4524-B2F6-877B60AD1685}"
	ProjectSection(ProjectDependencies) = postProject
	EndProjectSection
EndProject
Project("{8BC9CEB8-8B4A-11D0-8D11-00A0C91BC942}") = "ZERO_CHECK", "ZERO_CHECK.vcxproj", "{29787EC6-83A6-49E3-8664-B86AC69EEAF5}"
	ProjectSection(ProjectDependencies) = postProject
	EndProjectSection
EndProject
Project("{8BC9CEB8-8B4A-11D0-8D11-00A0C91BC942}") = "atom_reader", "libs\network\example\atom_reader.vcxproj", "{A7335C38-E164-43F2-BEE8-8C6993E5495D}"
	ProjectSection(ProjectDependencies) = postProject
		{29787EC6-83A6-49E3-8664-B86AC69EEAF5} = {29787EC6-83A6-49E3-8664-B86AC69EEAF5}
		{F2F8B8DC-45E6-4E0E-A9A3-6A9AB6A893D3} = {F2F8B8DC-45E6-4E0E-A9A3-6A9AB6A893D3}
		{4A860585-9568-422B-A44F-7D05436CB2BC} = {4A860585-9568-422B-A44F-7D05436CB2BC}
	EndProjectSection
EndProject
Project("{8BC9CEB8-8B4A-11D0-8D11-00A0C91BC942}") = "cpp-netlib-http-client_constructor_test", "libs\network\test\http\cpp-netlib-http-client_constructor_test.vcxproj", "{C6A93A60-629C-4BF0-B5D3-912B066606B0}"
	ProjectSection(ProjectDependencies) = postProject
		{29787EC6-83A6-49E3-8664-B86AC69EEAF5} = {29787EC6-83A6-49E3-8664-B86AC69EEAF5}
		{F2F8B8DC-45E6-4E0E-A9A3-6A9AB6A893D3} = {F2F8B8DC-45E6-4E0E-A9A3-6A9AB6A893D3}
		{4A860585-9568-422B-A44F-7D05436CB2BC} = {4A860585-9568-422B-A44F-7D05436CB2BC}
	EndProjectSection
EndProject
Project("{8BC9CEB8-8B4A-11D0-8D11-00A0C91BC942}") = "cpp-netlib-http-client_get_different_port_test", "libs\network\test\http\cpp-netlib-http-client_get_different_port_test.vcxproj", "{8364B92B-B987-41CB-9E67-482AE2A1C2AD}"
	ProjectSection(ProjectDependencies) = postProject
		{29787EC6-83A6-49E3-8664-B86AC69EEAF5} = {29787EC6-83A6-49E3-8664-B86AC69EEAF5}
		{F2F8B8DC-45E6-4E0E-A9A3-6A9AB6A893D3} = {F2F8B8DC-45E6-4E0E-A9A3-6A9AB6A893D3}
		{4A860585-9568-422B-A44F-7D05436CB2BC} = {4A860585-9568-422B-A44F-7D05436CB2BC}
	EndProjectSection
EndProject
Project("{8BC9CEB8-8B4A-11D0-8D11-00A0C91BC942}") = "cpp-netlib-http-client_get_streaming_test", "libs\network\test\http\cpp-netlib-http-client_get_streaming_test.vcxproj", "{C68389BE-B841-4BDA-B5FE-927953C52F5E}"
	ProjectSection(ProjectDependencies) = postProject
		{29787EC6-83A6-49E3-8664-B86AC69EEAF5} = {29787EC6-83A6-49E3-8664-B86AC69EEAF5}
		{F2F8B8DC-45E6-4E0E-A9A3-6A9AB6A893D3} = {F2F8B8DC-45E6-4E0E-A9A3-6A9AB6A893D3}
		{4A860585-9568-422B-A44F-7D05436CB2BC} = {4A860585-9568-422B-A44F-7D05436CB2BC}
	EndProjectSection
EndProject
Project("{8BC9CEB8-8B4A-11D0-8D11-00A0C91BC942}") = "cpp-netlib-http-client_get_test", "libs\network\test\http\cpp-netlib-http-client_get_test.vcxproj", "{181E88E9-876B-4678-8F72-046B3D2BD777}"
	ProjectSection(ProjectDependencies) = postProject
		{29787EC6-83A6-49E3-8664-B86AC69EEAF5} = {29787EC6-83A6-49E3-8664-B86AC69EEAF5}
		{F2F8B8DC-45E6-4E0E-A9A3-6A9AB6A893D3} = {F2F8B8DC-45E6-4E0E-A9A3-6A9AB6A893D3}
		{4A860585-9568-422B-A44F-7D05436CB2BC} = {4A860585-9568-422B-A44F-7D05436CB2BC}
	EndProjectSection
EndProject
Project("{8BC9CEB8-8B4A-11D0-8D11-00A0C91BC942}") = "cpp-netlib-http-client_get_timeout_test", "libs\network\test\http\cpp-netlib-http-client_get_timeout_test.vcxproj", "{F3F7BCEA-1D74-4D74-B45D-E609ADC57F66}"
	ProjectSection(ProjectDependencies) = postProject
		{29787EC6-83A6-49E3-8664-B86AC69EEAF5} = {29787EC6-83A6-49E3-8664-B86AC69EEAF5}
		{F2F8B8DC-45E6-4E0E-A9A3-6A9AB6A893D3} = {F2F8B8DC-45E6-4E0E-A9A3-6A9AB6A893D3}
		{4A860585-9568-422B-A44F-7D05436CB2BC} = {4A860585-9568-422B-A44F-7D05436CB2BC}
	EndProjectSection
EndProject
Project("{8BC9CEB8-8B4A-11D0-8D11-00A0C91BC942}") = "cpp-netlib-http-request_incremental_parser_test", "libs\network\test\http\cpp-netlib-http-request_incremental_parser_test.vcxproj", "{EDB0696C-EADA-43BB-AC5A-0E5C608093DA}"
	ProjectSection(ProjectDependencies) = postProject
		{29787EC6-83A6-49E3-8664-B86AC69EEAF5} = {29787EC6-83A6-49E3-8664-B86AC69EEAF5}
		{4A860585-9568-422B-A44F-7D05436CB2BC} = {4A860585-9568-422B-A44F-7D05436CB2BC}
	EndProjectSection
EndProject
Project("{8BC9CEB8-8B4A-11D0-8D11-00A0C91BC942}") = "cpp-netlib-http-request_linearize_test", "libs\network\test\http\cpp-netlib-http-request_linearize_test.vcxproj", "{320952F1-92B6-4A2D-BB3A-F59BA8DD93F1}"
	ProjectSection(ProjectDependencies) = postProject
		{29787EC6-83A6-49E3-8664-B86AC69EEAF5} = {29787EC6-83A6-49E3-8664-B86AC69EEAF5}
		{4A860585-9568-422B-A44F-7D05436CB2BC} = {4A860585-9568-422B-A44F-7D05436CB2BC}
	EndProjectSection
EndProject
Project("{8BC9CEB8-8B4A-11D0-8D11-00A0C91BC942}") = "cpp-netlib-http-response_incremental_parser_test", "libs\network\test\http\cpp-netlib-http-response_incremental_parser_test.vcxproj", "{5DD53A9A-0EB8-40B4-A79E-56C47D24B1C5}"
	ProjectSection(ProjectDependencies) = postProject
		{29787EC6-83A6-49E3-8664-B86AC69EEAF5} = {29787EC6-83A6-49E3-8664-B86AC69EEAF5}
		{4A860585-9568-422B-A44F-7D05436CB2BC} = {4A860585-9568-422B-A44F-7D05436CB2BC}
	EndProjectSection
EndProject
Project("{8BC9CEB8-8B4A-11D0-8D11-00A0C91BC942}") = "cpp-netlib-http-server_async_run_stop_concurrency", "libs\network\test\http\cpp-netlib-http-server_async_run_stop_concurrency.vcxproj", "{DE32A3DE-A85C-45E6-A9ED-D19329891CEC}"
	ProjectSection(ProjectDependencies) = postProject
		{29787EC6-83A6-49E3-8664-B86AC69EEAF5} = {29787EC6-83A6-49E3-8664-B86AC69EEAF5}
		{205A4AB9-445F-4D51-844A-36F8A660338C} = {205A4AB9-445F-4D51-844A-36F8A660338C}
	EndProjectSection
EndProject
Project("{8BC9CEB8-8B4A-11D0-8D11-00A0C91BC942}") = "cpp-netlib-http-server_constructor_test", "libs\network\test\http\cpp-netlib-http-server_constructor_test.vcxproj", "{B50B6781-2E27-4298-AFA2-88BD1164185A}"
	ProjectSection(ProjectDependencies) = postProject
		{29787EC6-83A6-49E3-8664-B86AC69EEAF5} = {29787EC6-83A6-49E3-8664-B86AC69EEAF5}
		{205A4AB9-445F-4D51-844A-36F8A660338C} = {205A4AB9-445F-4D51-844A-36F8A660338C}
	EndProjectSection
EndProject
Project("{8BC9CEB8-8B4A-11D0-8D11-00A0C91BC942}") = "cpp-netlib-http-server_header_parser_test", "libs\network\test\http\cpp-netlib-http-server_header_parser_test.vcxproj", "{212975A8-3541-4517-95EC-C20E1A61D62B}"
	ProjectSection(ProjectDependencies) = postProject
		{29787EC6-83A6-49E3-8664-B86AC69EEAF5} = {29787EC6-83A6-49E3-8664-B86AC69EEAF5}
		{205A4AB9-445F-4D51-844A-36F8A660338C} = {205A4AB9-445F-4D51-844A-36F8A660338C}
	EndProjectSection
EndProject
Project("{8BC9CEB8-8B4A-11D0-8D11-00A0C91BC942}") = "cpp-netlib-message_test", "libs\network\test\cpp-netlib-message_test.vcxproj", "{21269B1E-3B4E-41C1-A672-0085DB553BAF}"
	ProjectSection(ProjectDependencies) = postProject
		{29787EC6-83A6-49E3-8664-B86AC69EEAF5} = {29787EC6-83A6-49E3-8664-B86AC69EEAF5}
		{4A860585-9568-422B-A44F-7D05436CB2BC} = {4A860585-9568-422B-A44F-7D05436CB2BC}
	EndProjectSection
EndProject
Project("{8BC9CEB8-8B4A-11D0-8D11-00A0C91BC942}") = "cpp-netlib-message_transform_test", "libs\network\test\cpp-netlib-message_transform_test.vcxproj", "{6C2EEF82-C7FA-4209-AD34-2DDDF35357E3}"
	ProjectSection(ProjectDependencies) = postProject
		{29787EC6-83A6-49E3-8664-B86AC69EEAF5} = {29787EC6-83A6-49E3-8664-B86AC69EEAF5}
		{4A860585-9568-422B-A44F-7D05436CB2BC} = {4A860585-9568-422B-A44F-7D05436CB2BC}
	EndProjectSection
EndProject
Project("{8BC9CEB8-8B4A-11D0-8D11-00A0C91BC942}") = "cpp-netlib-relative_uri_test", "libs\network\test\uri\cpp-netlib-relative_uri_test.vcxproj", "{C4A2CDA8-0DE6-4F1A-AA49-C2EE68B37877}"
	ProjectSection(ProjectDependencies) = postProject
		{29787EC6-83A6-49E3-8664-B86AC69EEAF5} = {29787EC6-83A6-49E3-8664-B86AC69EEAF5}
		{4A860585-9568-422B-A44F-7D05436CB2BC} = {4A860585-9568-422B-A44F-7D05436CB2BC}
	EndProjectSection
EndProject
Project("{8BC9CEB8-8B4A-11D0-8D11-00A0C91BC942}") = "cpp-netlib-uri_builder_stream_test", "libs\network\test\uri\cpp-netlib-uri_builder_stream_test.vcxproj", "{F0230DEF-3D16-4BA8-9DF2-E6D5600557A4}"
	ProjectSection(ProjectDependencies) = postProject
		{29787EC6-83A6-49E3-8664-B86AC69EEAF5} = {29787EC6-83A6-49E3-8664-B86AC69EEAF5}
		{4A860585-9568-422B-A44F-7D05436CB2BC} = {4A860585-9568-422B-A44F-7D05436CB2BC}
	EndProjectSection
EndProject
Project("{8BC9CEB8-8B4A-11D0-8D11-00A0C91BC942}") = "cpp-netlib-uri_builder_test", "libs\network\test\uri\cpp-netlib-uri_builder_test.vcxproj", "{A3A14151-2D7F-4A71-BAE0-44F0C75A34CE}"
	ProjectSection(ProjectDependencies) = postProject
		{29787EC6-83A6-49E3-8664-B86AC69EEAF5} = {29787EC6-83A6-49E3-8664-B86AC69EEAF5}
		{4A860585-9568-422B-A44F-7D05436CB2BC} = {4A860585-9568-422B-A44F-7D05436CB2BC}
	EndProjectSection
EndProject
Project("{8BC9CEB8-8B4A-11D0-8D11-00A0C91BC942}") = "cpp-netlib-uri_encoding_test", "libs\network\test\uri\cpp-netlib-uri_encoding_test.vcxproj", "{FD7F0625-0F7F-42A4-8FFF-08FBF9F16DE9}"
	ProjectSection(ProjectDependencies) = postProject
		{29787EC6-83A6-49E3-8664-B86AC69EEAF5} = {29787EC6-83A6-49E3-8664-B86AC69EEAF5}
		{4A860585-9568-422B-A44F-7D05436CB2BC} = {4A860585-9568-422B-A44F-7D05436CB2BC}
	EndProjectSection
EndProject
Project("{8BC9CEB8-8B4A-11D0-8D11-00A0C91BC942}") = "cpp-netlib-uri_test", "libs\network\test\uri\cpp-netlib-uri_test.vcxproj", "{A5A366D0-A11F-4970-94DF-CEBB0FFEAF04}"
	ProjectSection(ProjectDependencies) = postProject
		{29787EC6-83A6-49E3-8664-B86AC69EEAF5} = {29787EC6-83A6-49E3-8664-B86AC69EEAF5}
		{4A860585-9568-422B-A44F-7D05436CB2BC} = {4A860585-9568-422B-A44F-7D05436CB2BC}
	EndProjectSection
EndProject
Project("{8BC9CEB8-8B4A-11D0-8D11-00A0C91BC942}") = "cpp-netlib-utils_thread_pool", "libs\network\test\cpp-netlib-utils_thread_pool.vcxproj", "{E9F2C0E2-910C-458F-AB7B-139B64DD84D7}"
	ProjectSection(ProjectDependencies) = postProject
		{29787EC6-83A6-49E3-8664-B86AC69EEAF5} = {29787EC6-83A6-49E3-8664-B86AC69EEAF5}
		{4A860585-9568-422B-A44F-7D05436CB2BC} = {4A860585-9568-422B-A44F-7D05436CB2BC}
	EndProjectSection
EndProject
Project("{8BC9CEB8-8B4A-11D0-8D11-00A0C91BC942}") = "cppnetlib-client-connections", "libs\network\src\cppnetlib-client-connections.vcxproj", "{F2F8B8DC-45E6-4E0E-A9A3-6A9AB6A893D3}"
	ProjectSection(ProjectDependencies) = postProject
		{29787EC6-83A6-49E3-8664-B86AC69EEAF5} = {29787EC6-83A6-49E3-8664-B86AC69EEAF5}
	EndProjectSection
EndProject
Project("{8BC9CEB8-8B4A-11D0-8D11-00A0C91BC942}") = "cppnetlib-server-parsers", "libs\network\src\cppnetlib-server-parsers.vcxproj", "{205A4AB9-445F-4D51-844A-36F8A660338C}"
	ProjectSection(ProjectDependencies) = postProject
		{29787EC6-83A6-49E3-8664-B86AC69EEAF5} = {29787EC6-83A6-49E3-8664-B86AC69EEAF5}
	EndProjectSection
EndProject
Project("{8BC9CEB8-8B4A-11D0-8D11-00A0C91BC942}") = "cppnetlib-uri", "libs\network\src\cppnetlib-uri.vcxproj", "{4A860585-9568-422B-A44F-7D05436CB2BC}"
	ProjectSection(ProjectDependencies) = postProject
		{29787EC6-83A6-49E3-8664-B86AC69EEAF5} = {29787EC6-83A6-49E3-8664-B86AC69EEAF5}
	EndProjectSection
EndProject
Project("{8BC9CEB8-8B4A-11D0-8D11-00A0C91BC942}") = "hello_world_async_server_with_work_queue", "libs\network\example\hello_world_async_server_with_work_queue.vcxproj", "{F4041C2D-FB39-4329-9DC8-ED25C758B749}"
	ProjectSection(ProjectDependencies) = postProject
		{29787EC6-83A6-49E3-8664-B86AC69EEAF5} = {29787EC6-83A6-49E3-8664-B86AC69EEAF5}
		{F2F8B8DC-45E6-4E0E-A9A3-6A9AB6A893D3} = {F2F8B8DC-45E6-4E0E-A9A3-6A9AB6A893D3}
		{205A4AB9-445F-4D51-844A-36F8A660338C} = {205A4AB9-445F-4D51-844A-36F8A660338C}
		{4A860585-9568-422B-A44F-7D05436CB2BC} = {4A860585-9568-422B-A44F-7D05436CB2BC}
	EndProjectSection
EndProject
Project("{8BC9CEB8-8B4A-11D0-8D11-00A0C91BC942}") = "hello_world_client", "libs\network\example\hello_world_client.vcxproj", "{0BB5E551-459A-4A93-8CFB-33BCAF79F217}"
	ProjectSection(ProjectDependencies) = postProject
		{29787EC6-83A6-49E3-8664-B86AC69EEAF5} = {29787EC6-83A6-49E3-8664-B86AC69EEAF5}
		{F2F8B8DC-45E6-4E0E-A9A3-6A9AB6A893D3} = {F2F8B8DC-45E6-4E0E-A9A3-6A9AB6A893D3}
		{4A860585-9568-422B-A44F-7D05436CB2BC} = {4A860585-9568-422B-A44F-7D05436CB2BC}
	EndProjectSection
EndProject
Project("{8BC9CEB8-8B4A-11D0-8D11-00A0C91BC942}") = "hello_world_server", "libs\network\example\hello_world_server.vcxproj", "{12BC3A86-7393-4E68-A7A8-6317FE1F9CFD}"
	ProjectSection(ProjectDependencies) = postProject
		{29787EC6-83A6-49E3-8664-B86AC69EEAF5} = {29787EC6-83A6-49E3-8664-B86AC69EEAF5}
	EndProjectSection
EndProject
Project("{8BC9CEB8-8B4A-11D0-8D11-00A0C91BC942}") = "http_client", "libs\network\example\http_client.vcxproj", "{DAA9C631-DF65-4F5D-B798-FFABB890AAA6}"
	ProjectSection(ProjectDependencies) = postProject
		{29787EC6-83A6-49E3-8664-B86AC69EEAF5} = {29787EC6-83A6-49E3-8664-B86AC69EEAF5}
		{F2F8B8DC-45E6-4E0E-A9A3-6A9AB6A893D3} = {F2F8B8DC-45E6-4E0E-A9A3-6A9AB6A893D3}
		{4A860585-9568-422B-A44F-7D05436CB2BC} = {4A860585-9568-422B-A44F-7D05436CB2BC}
	EndProjectSection
EndProject
Project("{8BC9CEB8-8B4A-11D0-8D11-00A0C91BC942}") = "rss_reader", "libs\network\example\rss_reader.vcxproj", "{7EAE0A2D-42D8-48BE-AE22-A8261E8ADA88}"
	ProjectSection(ProjectDependencies) = postProject
		{29787EC6-83A6-49E3-8664-B86AC69EEAF5} = {29787EC6-83A6-49E3-8664-B86AC69EEAF5}
		{F2F8B8DC-45E6-4E0E-A9A3-6A9AB6A893D3} = {F2F8B8DC-45E6-4E0E-A9A3-6A9AB6A893D3}
		{4A860585-9568-422B-A44F-7D05436CB2BC} = {4A860585-9568-422B-A44F-7D05436CB2BC}
	EndProjectSection
EndProject
Project("{8BC9CEB8-8B4A-11D0-8D11-00A0C91BC942}") = "simple_wget", "libs\network\example\simple_wget.vcxproj", "{0CA964AC-85D2-4D57-91A7-167302BA3855}"
	ProjectSection(ProjectDependencies) = postProject
		{29787EC6-83A6-49E3-8664-B86AC69EEAF5} = {29787EC6-83A6-49E3-8664-B86AC69EEAF5}
		{F2F8B8DC-45E6-4E0E-A9A3-6A9AB6A893D3} = {F2F8B8DC-45E6-4E0E-A9A3-6A9AB6A893D3}
		{4A860585-9568-422B-A44F-7D05436CB2BC} = {4A860585-9568-422B-A44F-7D05436CB2BC}
	EndProjectSection
EndProject
Project("{8BC9CEB8-8B4A-11D0-8D11-00A0C91BC942}") = "trivial_google", "libs\network\example\trivial_google.vcxproj", "{83613AED-D247-4012-9FCC-73E478F3A92A}"
	ProjectSection(ProjectDependencies) = postProject
		{29787EC6-83A6-49E3-8664-B86AC69EEAF5} = {29787EC6-83A6-49E3-8664-B86AC69EEAF5}
		{F2F8B8DC-45E6-4E0E-A9A3-6A9AB6A893D3} = {F2F8B8DC-45E6-4E0E-A9A3-6A9AB6A893D3}
		{4A860585-9568-422B-A44F-7D05436CB2BC} = {4A860585-9568-422B-A44F-7D05436CB2BC}
	EndProjectSection
EndProject
Project("{8BC9CEB8-8B4A-11D0-8D11-00A0C91BC942}") = "twitter_search", "libs\network\example\twitter_search.vcxproj", "{52A7424C-5A83-4248-AC6D-8B0704216794}"
	ProjectSection(ProjectDependencies) = postProject
		{29787EC6-83A6-49E3-8664-B86AC69EEAF5} = {29787EC6-83A6-49E3-8664-B86AC69EEAF5}
		{F2F8B8DC-45E6-4E0E-A9A3-6A9AB6A893D3} = {F2F8B8DC-45E6-4E0E-A9A3-6A9AB6A893D3}
		{4A860585-9568-422B-A44F-7D05436CB2BC} = {4A860585-9568-422B-A44F-7D05436CB2BC}
	EndProjectSection
EndProject
Global
	GlobalSection(SolutionConfigurationPlatforms) = preSolution
		Debug|Win32 = Debug|Win32
		Release|Win32 = Release|Win32
		MinSizeRel|Win32 = MinSizeRel|Win32
		RelWithDebInfo|Win32 = RelWithDebInfo|Win32
	EndGlobalSection
	GlobalSection(ProjectConfigurationPlatforms) = postSolution
		{5B75AF52-3EE4-45DA-B824-75B06676AF31}.Debug|Win32.ActiveCfg = Debug|Win32
		{5B75AF52-3EE4-45DA-B824-75B06676AF31}.Debug|Win32.Build.0 = Debug|Win32
		{5B75AF52-3EE4-45DA-B824-75B06676AF31}.Release|Win32.ActiveCfg = Release|Win32
		{5B75AF52-3EE4-45DA-B824-75B06676AF31}.Release|Win32.Build.0 = Release|Win32
		{5B75AF52-3EE4-45DA-B824-75B06676AF31}.MinSizeRel|Win32.ActiveCfg = MinSizeRel|Win32
		{5B75AF52-3EE4-45DA-B824-75B06676AF31}.MinSizeRel|Win32.Build.0 = MinSizeRel|Win32
		{5B75AF52-3EE4-45DA-B824-75B06676AF31}.RelWithDebInfo|Win32.ActiveCfg = RelWithDebInfo|Win32
		{5B75AF52-3EE4-45DA-B824-75B06676AF31}.RelWithDebInfo|Win32.Build.0 = RelWithDebInfo|Win32
		{94F4ED05-218A-470A-B667-E5F1F3A78606}.Debug|Win32.ActiveCfg = Debug|Win32
		{94F4ED05-218A-470A-B667-E5F1F3A78606}.Release|Win32.ActiveCfg = Release|Win32
		{94F4ED05-218A-470A-B667-E5F1F3A78606}.MinSizeRel|Win32.ActiveCfg = MinSizeRel|Win32
		{94F4ED05-218A-470A-B667-E5F1F3A78606}.RelWithDebInfo|Win32.ActiveCfg = RelWithDebInfo|Win32
		{3F2AF3EA-6A49-4524-B2F6-877B60AD1685}.Debug|Win32.ActiveCfg = Debug|Win32
		{3F2AF3EA-6A49-4524-B2F6-877B60AD1685}.Release|Win32.ActiveCfg = Release|Win32
		{3F2AF3EA-6A49-4524-B2F6-877B60AD1685}.MinSizeRel|Win32.ActiveCfg = MinSizeRel|Win32
		{3F2AF3EA-6A49-4524-B2F6-877B60AD1685}.RelWithDebInfo|Win32.ActiveCfg = RelWithDebInfo|Win32
		{29787EC6-83A6-49E3-8664-B86AC69EEAF5}.Debug|Win32.ActiveCfg = Debug|Win32
		{29787EC6-83A6-49E3-8664-B86AC69EEAF5}.Debug|Win32.Build.0 = Debug|Win32
		{29787EC6-83A6-49E3-8664-B86AC69EEAF5}.Release|Win32.ActiveCfg = Release|Win32
		{29787EC6-83A6-49E3-8664-B86AC69EEAF5}.Release|Win32.Build.0 = Release|Win32
		{29787EC6-83A6-49E3-8664-B86AC69EEAF5}.MinSizeRel|Win32.ActiveCfg = MinSizeRel|Win32
		{29787EC6-83A6-49E3-8664-B86AC69EEAF5}.MinSizeRel|Win32.Build.0 = MinSizeRel|Win32
		{29787EC6-83A6-49E3-8664-B86AC69EEAF5}.RelWithDebInfo|Win32.ActiveCfg = RelWithDebInfo|Win32
		{29787EC6-83A6-49E3-8664-B86AC69EEAF5}.RelWithDebInfo|Win32.Build.0 = RelWithDebInfo|Win32
		{A7335C38-E164-43F2-BEE8-8C6993E5495D}.Debug|Win32.ActiveCfg = Debug|Win32
		{A7335C38-E164-43F2-BEE8-8C6993E5495D}.Debug|Win32.Build.0 = Debug|Win32
		{A7335C38-E164-43F2-BEE8-8C6993E5495D}.Release|Win32.ActiveCfg = Release|Win32
		{A7335C38-E164-43F2-BEE8-8C6993E5495D}.Release|Win32.Build.0 = Release|Win32
		{A7335C38-E164-43F2-BEE8-8C6993E5495D}.MinSizeRel|Win32.ActiveCfg = MinSizeRel|Win32
		{A7335C38-E164-43F2-BEE8-8C6993E5495D}.MinSizeRel|Win32.Build.0 = MinSizeRel|Win32
		{A7335C38-E164-43F2-BEE8-8C6993E5495D}.RelWithDebInfo|Win32.ActiveCfg = RelWithDebInfo|Win32
		{A7335C38-E164-43F2-BEE8-8C6993E5495D}.RelWithDebInfo|Win32.Build.0 = RelWithDebInfo|Win32
		{C6A93A60-629C-4BF0-B5D3-912B066606B0}.Debug|Win32.ActiveCfg = Debug|Win32
		{C6A93A60-629C-4BF0-B5D3-912B066606B0}.Debug|Win32.Build.0 = Debug|Win32
		{C6A93A60-629C-4BF0-B5D3-912B066606B0}.Release|Win32.ActiveCfg = Release|Win32
		{C6A93A60-629C-4BF0-B5D3-912B066606B0}.Release|Win32.Build.0 = Release|Win32
		{C6A93A60-629C-4BF0-B5D3-912B066606B0}.MinSizeRel|Win32.ActiveCfg = MinSizeRel|Win32
		{C6A93A60-629C-4BF0-B5D3-912B066606B0}.MinSizeRel|Win32.Build.0 = MinSizeRel|Win32
		{C6A93A60-629C-4BF0-B5D3-912B066606B0}.RelWithDebInfo|Win32.ActiveCfg = RelWithDebInfo|Win32
		{C6A93A60-629C-4BF0-B5D3-912B066606B0}.RelWithDebInfo|Win32.Build.0 = RelWithDebInfo|Win32
		{8364B92B-B987-41CB-9E67-482AE2A1C2AD}.Debug|Win32.ActiveCfg = Debug|Win32
		{8364B92B-B987-41CB-9E67-482AE2A1C2AD}.Debug|Win32.Build.0 = Debug|Win32
		{8364B92B-B987-41CB-9E67-482AE2A1C2AD}.Release|Win32.ActiveCfg = Release|Win32
		{8364B92B-B987-41CB-9E67-482AE2A1C2AD}.Release|Win32.Build.0 = Release|Win32
		{8364B92B-B987-41CB-9E67-482AE2A1C2AD}.MinSizeRel|Win32.ActiveCfg = MinSizeRel|Win32
		{8364B92B-B987-41CB-9E67-482AE2A1C2AD}.MinSizeRel|Win32.Build.0 = MinSizeRel|Win32
		{8364B92B-B987-41CB-9E67-482AE2A1C2AD}.RelWithDebInfo|Win32.ActiveCfg = RelWithDebInfo|Win32
		{8364B92B-B987-41CB-9E67-482AE2A1C2AD}.RelWithDebInfo|Win32.Build.0 = RelWithDebInfo|Win32
		{C68389BE-B841-4BDA-B5FE-927953C52F5E}.Debug|Win32.ActiveCfg = Debug|Win32
		{C68389BE-B841-4BDA-B5FE-927953C52F5E}.Debug|Win32.Build.0 = Debug|Win32
		{C68389BE-B841-4BDA-B5FE-927953C52F5E}.Release|Win32.ActiveCfg = Release|Win32
		{C68389BE-B841-4BDA-B5FE-927953C52F5E}.Release|Win32.Build.0 = Release|Win32
		{C68389BE-B841-4BDA-B5FE-927953C52F5E}.MinSizeRel|Win32.ActiveCfg = MinSizeRel|Win32
		{C68389BE-B841-4BDA-B5FE-927953C52F5E}.MinSizeRel|Win32.Build.0 = MinSizeRel|Win32
		{C68389BE-B841-4BDA-B5FE-927953C52F5E}.RelWithDebInfo|Win32.ActiveCfg = RelWithDebInfo|Win32
		{C68389BE-B841-4BDA-B5FE-927953C52F5E}.RelWithDebInfo|Win32.Build.0 = RelWithDebInfo|Win32
		{181E88E9-876B-4678-8F72-046B3D2BD777}.Debug|Win32.ActiveCfg = Debug|Win32
		{181E88E9-876B-4678-8F72-046B3D2BD777}.Debug|Win32.Build.0 = Debug|Win32
		{181E88E9-876B-4678-8F72-046B3D2BD777}.Release|Win32.ActiveCfg = Release|Win32
		{181E88E9-876B-4678-8F72-046B3D2BD777}.Release|Win32.Build.0 = Release|Win32
		{181E88E9-876B-4678-8F72-046B3D2BD777}.MinSizeRel|Win32.ActiveCfg = MinSizeRel|Win32
		{181E88E9-876B-4678-8F72-046B3D2BD777}.MinSizeRel|Win32.Build.0 = MinSizeRel|Win32
		{181E88E9-876B-4678-8F72-046B3D2BD777}.RelWithDebInfo|Win32.ActiveCfg = RelWithDebInfo|Win32
		{181E88E9-876B-4678-8F72-046B3D2BD777}.RelWithDebInfo|Win32.Build.0 = RelWithDebInfo|Win32
		{F3F7BCEA-1D74-4D74-B45D-E609ADC57F66}.Debug|Win32.ActiveCfg = Debug|Win32
		{F3F7BCEA-1D74-4D74-B45D-E609ADC57F66}.Debug|Win32.Build.0 = Debug|Win32
		{F3F7BCEA-1D74-4D74-B45D-E609ADC57F66}.Release|Win32.ActiveCfg = Release|Win32
		{F3F7BCEA-1D74-4D74-B45D-E609ADC57F66}.Release|Win32.Build.0 = Release|Win32
		{F3F7BCEA-1D74-4D74-B45D-E609ADC57F66}.MinSizeRel|Win32.ActiveCfg = MinSizeRel|Win32
		{F3F7BCEA-1D74-4D74-B45D-E609ADC57F66}.MinSizeRel|Win32.Build.0 = MinSizeRel|Win32
		{F3F7BCEA-1D74-4D74-B45D-E609ADC57F66}.RelWithDebInfo|Win32.ActiveCfg = RelWithDebInfo|Win32
		{F3F7BCEA-1D74-4D74-B45D-E609ADC57F66}.RelWithDebInfo|Win32.Build.0 = RelWithDebInfo|Win32
		{EDB0696C-EADA-43BB-AC5A-0E5C608093DA}.Debug|Win32.ActiveCfg = Debug|Win32
		{EDB0696C-EADA-43BB-AC5A-0E5C608093DA}.Debug|Win32.Build.0 = Debug|Win32
		{EDB0696C-EADA-43BB-AC5A-0E5C608093DA}.Release|Win32.ActiveCfg = Release|Win32
		{EDB0696C-EADA-43BB-AC5A-0E5C608093DA}.Release|Win32.Build.0 = Release|Win32
		{EDB0696C-EADA-43BB-AC5A-0E5C608093DA}.MinSizeRel|Win32.ActiveCfg = MinSizeRel|Win32
		{EDB0696C-EADA-43BB-AC5A-0E5C608093DA}.MinSizeRel|Win32.Build.0 = MinSizeRel|Win32
		{EDB0696C-EADA-43BB-AC5A-0E5C608093DA}.RelWithDebInfo|Win32.ActiveCfg = RelWithDebInfo|Win32
		{EDB0696C-EADA-43BB-AC5A-0E5C608093DA}.RelWithDebInfo|Win32.Build.0 = RelWithDebInfo|Win32
		{320952F1-92B6-4A2D-BB3A-F59BA8DD93F1}.Debug|Win32.ActiveCfg = Debug|Win32
		{320952F1-92B6-4A2D-BB3A-F59BA8DD93F1}.Debug|Win32.Build.0 = Debug|Win32
		{320952F1-92B6-4A2D-BB3A-F59BA8DD93F1}.Release|Win32.ActiveCfg = Release|Win32
		{320952F1-92B6-4A2D-BB3A-F59BA8DD93F1}.Release|Win32.Build.0 = Release|Win32
		{320952F1-92B6-4A2D-BB3A-F59BA8DD93F1}.MinSizeRel|Win32.ActiveCfg = MinSizeRel|Win32
		{320952F1-92B6-4A2D-BB3A-F59BA8DD93F1}.MinSizeRel|Win32.Build.0 = MinSizeRel|Win32
		{320952F1-92B6-4A2D-BB3A-F59BA8DD93F1}.RelWithDebInfo|Win32.ActiveCfg = RelWithDebInfo|Win32
		{320952F1-92B6-4A2D-BB3A-F59BA8DD93F1}.RelWithDebInfo|Win32.Build.0 = RelWithDebInfo|Win32
		{5DD53A9A-0EB8-40B4-A79E-56C47D24B1C5}.Debug|Win32.ActiveCfg = Debug|Win32
		{5DD53A9A-0EB8-40B4-A79E-56C47D24B1C5}.Debug|Win32.Build.0 = Debug|Win32
		{5DD53A9A-0EB8-40B4-A79E-56C47D24B1C5}.Release|Win32.ActiveCfg = Release|Win32
		{5DD53A9A-0EB8-40B4-A79E-56C47D24B1C5}.Release|Win32.Build.0 = Release|Win32
		{5DD53A9A-0EB8-40B4-A79E-56C47D24B1C5}.MinSizeRel|Win32.ActiveCfg = MinSizeRel|Win32
		{5DD53A9A-0EB8-40B4-A79E-56C47D24B1C5}.MinSizeRel|Win32.Build.0 = MinSizeRel|Win32
		{5DD53A9A-0EB8-40B4-A79E-56C47D24B1C5}.RelWithDebInfo|Win32.ActiveCfg = RelWithDebInfo|Win32
		{5DD53A9A-0EB8-40B4-A79E-56C47D24B1C5}.RelWithDebInfo|Win32.Build.0 = RelWithDebInfo|Win32
		{DE32A3DE-A85C-45E6-A9ED-D19329891CEC}.Debug|Win32.ActiveCfg = Debug|Win32
		{DE32A3DE-A85C-45E6-A9ED-D19329891CEC}.Debug|Win32.Build.0 = Debug|Win32
		{DE32A3DE-A85C-45E6-A9ED-D19329891CEC}.Release|Win32.ActiveCfg = Release|Win32
		{DE32A3DE-A85C-45E6-A9ED-D19329891CEC}.Release|Win32.Build.0 = Release|Win32
		{DE32A3DE-A85C-45E6-A9ED-D19329891CEC}.MinSizeRel|Win32.ActiveCfg = MinSizeRel|Win32
		{DE32A3DE-A85C-45E6-A9ED-D19329891CEC}.MinSizeRel|Win32.Build.0 = MinSizeRel|Win32
		{DE32A3DE-A85C-45E6-A9ED-D19329891CEC}.RelWithDebInfo|Win32.ActiveCfg = RelWithDebInfo|Win32
		{DE32A3DE-A85C-45E6-A9ED-D19329891CEC}.RelWithDebInfo|Win32.Build.0 = RelWithDebInfo|Win32
		{B50B6781-2E27-4298-AFA2-88BD1164185A}.Debug|Win32.ActiveCfg = Debug|Win32
		{B50B6781-2E27-4298-AFA2-88BD1164185A}.Debug|Win32.Build.0 = Debug|Win32
		{B50B6781-2E27-4298-AFA2-88BD1164185A}.Release|Win32.ActiveCfg = Release|Win32
		{B50B6781-2E27-4298-AFA2-88BD1164185A}.Release|Win32.Build.0 = Release|Win32
		{B50B6781-2E27-4298-AFA2-88BD1164185A}.MinSizeRel|Win32.ActiveCfg = MinSizeRel|Win32
		{B50B6781-2E27-4298-AFA2-88BD1164185A}.MinSizeRel|Win32.Build.0 = MinSizeRel|Win32
		{B50B6781-2E27-4298-AFA2-88BD1164185A}.RelWithDebInfo|Win32.ActiveCfg = RelWithDebInfo|Win32
		{B50B6781-2E27-4298-AFA2-88BD1164185A}.RelWithDebInfo|Win32.Build.0 = RelWithDebInfo|Win32
		{212975A8-3541-4517-95EC-C20E1A61D62B}.Debug|Win32.ActiveCfg = Debug|Win32
		{212975A8-3541-4517-95EC-C20E1A61D62B}.Debug|Win32.Build.0 = Debug|Win32
		{212975A8-3541-4517-95EC-C20E1A61D62B}.Release|Win32.ActiveCfg = Release|Win32
		{212975A8-3541-4517-95EC-C20E1A61D62B}.Release|Win32.Build.0 = Release|Win32
		{212975A8-3541-4517-95EC-C20E1A61D62B}.MinSizeRel|Win32.ActiveCfg = MinSizeRel|Win32
		{212975A8-3541-4517-95EC-C20E1A61D62B}.MinSizeRel|Win32.Build.0 = MinSizeRel|Win32
		{212975A8-3541-4517-95EC-C20E1A61D62B}.RelWithDebInfo|Win32.ActiveCfg = RelWithDebInfo|Win32
		{212975A8-3541-4517-95EC-C20E1A61D62B}.RelWithDebInfo|Win32.Build.0 = RelWithDebInfo|Win32
		{21269B1E-3B4E-41C1-A672-0085DB553BAF}.Debug|Win32.ActiveCfg = Debug|Win32
		{21269B1E-3B4E-41C1-A672-0085DB553BAF}.Debug|Win32.Build.0 = Debug|Win32
		{21269B1E-3B4E-41C1-A672-0085DB553BAF}.Release|Win32.ActiveCfg = Release|Win32
		{21269B1E-3B4E-41C1-A672-0085DB553BAF}.Release|Win32.Build.0 = Release|Win32
		{21269B1E-3B4E-41C1-A672-0085DB553BAF}.MinSizeRel|Win32.ActiveCfg = MinSizeRel|Win32
		{21269B1E-3B4E-41C1-A672-0085DB553BAF}.MinSizeRel|Win32.Build.0 = MinSizeRel|Win32
		{21269B1E-3B4E-41C1-A672-0085DB553BAF}.RelWithDebInfo|Win32.ActiveCfg = RelWithDebInfo|Win32
		{21269B1E-3B4E-41C1-A672-0085DB553BAF}.RelWithDebInfo|Win32.Build.0 = RelWithDebInfo|Win32
		{6C2EEF82-C7FA-4209-AD34-2DDDF35357E3}.Debug|Win32.ActiveCfg = Debug|Win32
		{6C2EEF82-C7FA-4209-AD34-2DDDF35357E3}.Debug|Win32.Build.0 = Debug|Win32
		{6C2EEF82-C7FA-4209-AD34-2DDDF35357E3}.Release|Win32.ActiveCfg = Release|Win32
		{6C2EEF82-C7FA-4209-AD34-2DDDF35357E3}.Release|Win32.Build.0 = Release|Win32
		{6C2EEF82-C7FA-4209-AD34-2DDDF35357E3}.MinSizeRel|Win32.ActiveCfg = MinSizeRel|Win32
		{6C2EEF82-C7FA-4209-AD34-2DDDF35357E3}.MinSizeRel|Win32.Build.0 = MinSizeRel|Win32
		{6C2EEF82-C7FA-4209-AD34-2DDDF35357E3}.RelWithDebInfo|Win32.ActiveCfg = RelWithDebInfo|Win32
		{6C2EEF82-C7FA-4209-AD34-2DDDF35357E3}.RelWithDebInfo|Win32.Build.0 = RelWithDebInfo|Win32
		{C4A2CDA8-0DE6-4F1A-AA49-C2EE68B37877}.Debug|Win32.ActiveCfg = Debug|Win32
		{C4A2CDA8-0DE6-4F1A-AA49-C2EE68B37877}.Debug|Win32.Build.0 = Debug|Win32
		{C4A2CDA8-0DE6-4F1A-AA49-C2EE68B37877}.Release|Win32.ActiveCfg = Release|Win32
		{C4A2CDA8-0DE6-4F1A-AA49-C2EE68B37877}.Release|Win32.Build.0 = Release|Win32
		{C4A2CDA8-0DE6-4F1A-AA49-C2EE68B37877}.MinSizeRel|Win32.ActiveCfg = MinSizeRel|Win32
		{C4A2CDA8-0DE6-4F1A-AA49-C2EE68B37877}.MinSizeRel|Win32.Build.0 = MinSizeRel|Win32
		{C4A2CDA8-0DE6-4F1A-AA49-C2EE68B37877}.RelWithDebInfo|Win32.ActiveCfg = RelWithDebInfo|Win32
		{C4A2CDA8-0DE6-4F1A-AA49-C2EE68B37877}.RelWithDebInfo|Win32.Build.0 = RelWithDebInfo|Win32
		{F0230DEF-3D16-4BA8-9DF2-E6D5600557A4}.Debug|Win32.ActiveCfg = Debug|Win32
		{F0230DEF-3D16-4BA8-9DF2-E6D5600557A4}.Debug|Win32.Build.0 = Debug|Win32
		{F0230DEF-3D16-4BA8-9DF2-E6D5600557A4}.Release|Win32.ActiveCfg = Release|Win32
		{F0230DEF-3D16-4BA8-9DF2-E6D5600557A4}.Release|Win32.Build.0 = Release|Win32
		{F0230DEF-3D16-4BA8-9DF2-E6D5600557A4}.MinSizeRel|Win32.ActiveCfg = MinSizeRel|Win32
		{F0230DEF-3D16-4BA8-9DF2-E6D5600557A4}.MinSizeRel|Win32.Build.0 = MinSizeRel|Win32
		{F0230DEF-3D16-4BA8-9DF2-E6D5600557A4}.RelWithDebInfo|Win32.ActiveCfg = RelWithDebInfo|Win32
		{F0230DEF-3D16-4BA8-9DF2-E6D5600557A4}.RelWithDebInfo|Win32.Build.0 = RelWithDebInfo|Win32
		{A3A14151-2D7F-4A71-BAE0-44F0C75A34CE}.Debug|Win32.ActiveCfg = Debug|Win32
		{A3A14151-2D7F-4A71-BAE0-44F0C75A34CE}.Debug|Win32.Build.0 = Debug|Win32
		{A3A14151-2D7F-4A71-BAE0-44F0C75A34CE}.Release|Win32.ActiveCfg = Release|Win32
		{A3A14151-2D7F-4A71-BAE0-44F0C75A34CE}.Release|Win32.Build.0 = Release|Win32
		{A3A14151-2D7F-4A71-BAE0-44F0C75A34CE}.MinSizeRel|Win32.ActiveCfg = MinSizeRel|Win32
		{A3A14151-2D7F-4A71-BAE0-44F0C75A34CE}.MinSizeRel|Win32.Build.0 = MinSizeRel|Win32
		{A3A14151-2D7F-4A71-BAE0-44F0C75A34CE}.RelWithDebInfo|Win32.ActiveCfg = RelWithDebInfo|Win32
		{A3A14151-2D7F-4A71-BAE0-44F0C75A34CE}.RelWithDebInfo|Win32.Build.0 = RelWithDebInfo|Win32
		{FD7F0625-0F7F-42A4-8FFF-08FBF9F16DE9}.Debug|Win32.ActiveCfg = Debug|Win32
		{FD7F0625-0F7F-42A4-8FFF-08FBF9F16DE9}.Debug|Win32.Build.0 = Debug|Win32
		{FD7F0625-0F7F-42A4-8FFF-08FBF9F16DE9}.Release|Win32.ActiveCfg = Release|Win32
		{FD7F0625-0F7F-42A4-8FFF-08FBF9F16DE9}.Release|Win32.Build.0 = Release|Win32
		{FD7F0625-0F7F-42A4-8FFF-08FBF9F16DE9}.MinSizeRel|Win32.ActiveCfg = MinSizeRel|Win32
		{FD7F0625-0F7F-42A4-8FFF-08FBF9F16DE9}.MinSizeRel|Win32.Build.0 = MinSizeRel|Win32
		{FD7F0625-0F7F-42A4-8FFF-08FBF9F16DE9}.RelWithDebInfo|Win32.ActiveCfg = RelWithDebInfo|Win32
		{FD7F0625-0F7F-42A4-8FFF-08FBF9F16DE9}.RelWithDebInfo|Win32.Build.0 = RelWithDebInfo|Win32
		{A5A366D0-A11F-4970-94DF-CEBB0FFEAF04}.Debug|Win32.ActiveCfg = Debug|Win32
		{A5A366D0-A11F-4970-94DF-CEBB0FFEAF04}.Debug|Win32.Build.0 = Debug|Win32
		{A5A366D0-A11F-4970-94DF-CEBB0FFEAF04}.Release|Win32.ActiveCfg = Release|Win32
		{A5A366D0-A11F-4970-94DF-CEBB0FFEAF04}.Release|Win32.Build.0 = Release|Win32
		{A5A366D0-A11F-4970-94DF-CEBB0FFEAF04}.MinSizeRel|Win32.ActiveCfg = MinSizeRel|Win32
		{A5A366D0-A11F-4970-94DF-CEBB0FFEAF04}.MinSizeRel|Win32.Build.0 = MinSizeRel|Win32
		{A5A366D0-A11F-4970-94DF-CEBB0FFEAF04}.RelWithDebInfo|Win32.ActiveCfg = RelWithDebInfo|Win32
		{A5A366D0-A11F-4970-94DF-CEBB0FFEAF04}.RelWithDebInfo|Win32.Build.0 = RelWithDebInfo|Win32
		{E9F2C0E2-910C-458F-AB7B-139B64DD84D7}.Debug|Win32.ActiveCfg = Debug|Win32
		{E9F2C0E2-910C-458F-AB7B-139B64DD84D7}.Debug|Win32.Build.0 = Debug|Win32
		{E9F2C0E2-910C-458F-AB7B-139B64DD84D7}.Release|Win32.ActiveCfg = Release|Win32
		{E9F2C0E2-910C-458F-AB7B-139B64DD84D7}.Release|Win32.Build.0 = Release|Win32
		{E9F2C0E2-910C-458F-AB7B-139B64DD84D7}.MinSizeRel|Win32.ActiveCfg = MinSizeRel|Win32
		{E9F2C0E2-910C-458F-AB7B-139B64DD84D7}.MinSizeRel|Win32.Build.0 = MinSizeRel|Win32
		{E9F2C0E2-910C-458F-AB7B-139B64DD84D7}.RelWithDebInfo|Win32.ActiveCfg = RelWithDebInfo|Win32
		{E9F2C0E2-910C-458F-AB7B-139B64DD84D7}.RelWithDebInfo|Win32.Build.0 = RelWithDebInfo|Win32
		{F2F8B8DC-45E6-4E0E-A9A3-6A9AB6A893D3}.Debug|Win32.ActiveCfg = Debug|Win32
		{F2F8B8DC-45E6-4E0E-A9A3-6A9AB6A893D3}.Debug|Win32.Build.0 = Debug|Win32
		{F2F8B8DC-45E6-4E0E-A9A3-6A9AB6A893D3}.Release|Win32.ActiveCfg = Release|Win32
		{F2F8B8DC-45E6-4E0E-A9A3-6A9AB6A893D3}.Release|Win32.Build.0 = Release|Win32
		{F2F8B8DC-45E6-4E0E-A9A3-6A9AB6A893D3}.MinSizeRel|Win32.ActiveCfg = MinSizeRel|Win32
		{F2F8B8DC-45E6-4E0E-A9A3-6A9AB6A893D3}.MinSizeRel|Win32.Build.0 = MinSizeRel|Win32
		{F2F8B8DC-45E6-4E0E-A9A3-6A9AB6A893D3}.RelWithDebInfo|Win32.ActiveCfg = RelWithDebInfo|Win32
		{F2F8B8DC-45E6-4E0E-A9A3-6A9AB6A893D3}.RelWithDebInfo|Win32.Build.0 = RelWithDebInfo|Win32
		{205A4AB9-445F-4D51-844A-36F8A660338C}.Debug|Win32.ActiveCfg = Debug|Win32
		{205A4AB9-445F-4D51-844A-36F8A660338C}.Debug|Win32.Build.0 = Debug|Win32
		{205A4AB9-445F-4D51-844A-36F8A660338C}.Release|Win32.ActiveCfg = Release|Win32
		{205A4AB9-445F-4D51-844A-36F8A660338C}.Release|Win32.Build.0 = Release|Win32
		{205A4AB9-445F-4D51-844A-36F8A660338C}.MinSizeRel|Win32.ActiveCfg = MinSizeRel|Win32
		{205A4AB9-445F-4D51-844A-36F8A660338C}.MinSizeRel|Win32.Build.0 = MinSizeRel|Win32
		{205A4AB9-445F-4D51-844A-36F8A660338C}.RelWithDebInfo|Win32.ActiveCfg = RelWithDebInfo|Win32
		{205A4AB9-445F-4D51-844A-36F8A660338C}.RelWithDebInfo|Win32.Build.0 = RelWithDebInfo|Win32
		{4A860585-9568-422B-A44F-7D05436CB2BC}.Debug|Win32.ActiveCfg = Debug|Win32
		{4A860585-9568-422B-A44F-7D05436CB2BC}.Debug|Win32.Build.0 = Debug|Win32
		{4A860585-9568-422B-A44F-7D05436CB2BC}.Release|Win32.ActiveCfg = Release|Win32
		{4A860585-9568-422B-A44F-7D05436CB2BC}.Release|Win32.Build.0 = Release|Win32
		{4A860585-9568-422B-A44F-7D05436CB2BC}.MinSizeRel|Win32.ActiveCfg = MinSizeRel|Win32
		{4A860585-9568-422B-A44F-7D05436CB2BC}.MinSizeRel|Win32.Build.0 = MinSizeRel|Win32
		{4A860585-9568-422B-A44F-7D05436CB2BC}.RelWithDebInfo|Win32.ActiveCfg = RelWithDebInfo|Win32
		{4A860585-9568-422B-A44F-7D05436CB2BC}.RelWithDebInfo|Win32.Build.0 = RelWithDebInfo|Win32
		{F4041C2D-FB39-4329-9DC8-ED25C758B749}.Debug|Win32.ActiveCfg = Debug|Win32
		{F4041C2D-FB39-4329-9DC8-ED25C758B749}.Debug|Win32.Build.0 = Debug|Win32
		{F4041C2D-FB39-4329-9DC8-ED25C758B749}.Release|Win32.ActiveCfg = Release|Win32
		{F4041C2D-FB39-4329-9DC8-ED25C758B749}.Release|Win32.Build.0 = Release|Win32
		{F4041C2D-FB39-4329-9DC8-ED25C758B749}.MinSizeRel|Win32.ActiveCfg = MinSizeRel|Win32
		{F4041C2D-FB39-4329-9DC8-ED25C758B749}.MinSizeRel|Win32.Build.0 = MinSizeRel|Win32
		{F4041C2D-FB39-4329-9DC8-ED25C758B749}.RelWithDebInfo|Win32.ActiveCfg = RelWithDebInfo|Win32
		{F4041C2D-FB39-4329-9DC8-ED25C758B749}.RelWithDebInfo|Win32.Build.0 = RelWithDebInfo|Win32
		{0BB5E551-459A-4A93-8CFB-33BCAF79F217}.Debug|Win32.ActiveCfg = Debug|Win32
		{0BB5E551-459A-4A93-8CFB-33BCAF79F217}.Debug|Win32.Build.0 = Debug|Win32
		{0BB5E551-459A-4A93-8CFB-33BCAF79F217}.Release|Win32.ActiveCfg = Release|Win32
		{0BB5E551-459A-4A93-8CFB-33BCAF79F217}.Release|Win32.Build.0 = Release|Win32
		{0BB5E551-459A-4A93-8CFB-33BCAF79F217}.MinSizeRel|Win32.ActiveCfg = MinSizeRel|Win32
		{0BB5E551-459A-4A93-8CFB-33BCAF79F217}.MinSizeRel|Win32.Build.0 = MinSizeRel|Win32
		{0BB5E551-459A-4A93-8CFB-33BCAF79F217}.RelWithDebInfo|Win32.ActiveCfg = RelWithDebInfo|Win32
		{0BB5E551-459A-4A93-8CFB-33BCAF79F217}.RelWithDebInfo|Win32.Build.0 = RelWithDebInfo|Win32
		{12BC3A86-7393-4E68-A7A8-6317FE1F9CFD}.Debug|Win32.ActiveCfg = Debug|Win32
		{12BC3A86-7393-4E68-A7A8-6317FE1F9CFD}.Debug|Win32.Build.0 = Debug|Win32
		{12BC3A86-7393-4E68-A7A8-6317FE1F9CFD}.Release|Win32.ActiveCfg = Release|Win32
		{12BC3A86-7393-4E68-A7A8-6317FE1F9CFD}.Release|Win32.Build.0 = Release|Win32
		{12BC3A86-7393-4E68-A7A8-6317FE1F9CFD}.MinSizeRel|Win32.ActiveCfg = MinSizeRel|Win32
		{12BC3A86-7393-4E68-A7A8-6317FE1F9CFD}.MinSizeRel|Win32.Build.0 = MinSizeRel|Win32
		{12BC3A86-7393-4E68-A7A8-6317FE1F9CFD}.RelWithDebInfo|Win32.ActiveCfg = RelWithDebInfo|Win32
		{12BC3A86-7393-4E68-A7A8-6317FE1F9CFD}.RelWithDebInfo|Win32.Build.0 = RelWithDebInfo|Win32
		{DAA9C631-DF65-4F5D-B798-FFABB890AAA6}.Debug|Win32.ActiveCfg = Debug|Win32
		{DAA9C631-DF65-4F5D-B798-FFABB890AAA6}.Debug|Win32.Build.0 = Debug|Win32
		{DAA9C631-DF65-4F5D-B798-FFABB890AAA6}.Release|Win32.ActiveCfg = Release|Win32
		{DAA9C631-DF65-4F5D-B798-FFABB890AAA6}.Release|Win32.Build.0 = Release|Win32
		{DAA9C631-DF65-4F5D-B798-FFABB890AAA6}.MinSizeRel|Win32.ActiveCfg = MinSizeRel|Win32
		{DAA9C631-DF65-4F5D-B798-FFABB890AAA6}.MinSizeRel|Win32.Build.0 = MinSizeRel|Win32
		{DAA9C631-DF65-4F5D-B798-FFABB890AAA6}.RelWithDebInfo|Win32.ActiveCfg = RelWithDebInfo|Win32
		{DAA9C631-DF65-4F5D-B798-FFABB890AAA6}.RelWithDebInfo|Win32.Build.0 = RelWithDebInfo|Win32
		{7EAE0A2D-42D8-48BE-AE22-A8261E8ADA88}.Debug|Win32.ActiveCfg = Debug|Win32
		{7EAE0A2D-42D8-48BE-AE22-A8261E8ADA88}.Debug|Win32.Build.0 = Debug|Win32
		{7EAE0A2D-42D8-48BE-AE22-A8261E8ADA88}.Release|Win32.ActiveCfg = Release|Win32
		{7EAE0A2D-42D8-48BE-AE22-A8261E8ADA88}.Release|Win32.Build.0 = Release|Win32
		{7EAE0A2D-42D8-48BE-AE22-A8261E8ADA88}.MinSizeRel|Win32.ActiveCfg = MinSizeRel|Win32
		{7EAE0A2D-42D8-48BE-AE22-A8261E8ADA88}.MinSizeRel|Win32.Build.0 = MinSizeRel|Win32
		{7EAE0A2D-42D8-48BE-AE22-A8261E8ADA88}.RelWithDebInfo|Win32.ActiveCfg = RelWithDebInfo|Win32
		{7EAE0A2D-42D8-48BE-AE22-A8261E8ADA88}.RelWithDebInfo|Win32.Build.0 = RelWithDebInfo|Win32
		{0CA964AC-85D2-4D57-91A7-167302BA3855}.Debug|Win32.ActiveCfg = Debug|Win32
		{0CA964AC-85D2-4D57-91A7-167302BA3855}.Debug|Win32.Build.0 = Debug|Win32
		{0CA964AC-85D2-4D57-91A7-167302BA3855}.Release|Win32.ActiveCfg = Release|Win32
		{0CA964AC-85D2-4D57-91A7-167302BA3855}.Release|Win32.Build.0 = Release|Win32
		{0CA964AC-85D2-4D57-91A7-167302BA3855}.MinSizeRel|Win32.ActiveCfg = MinSizeRel|Win32
		{0CA964AC-85D2-4D57-91A7-167302BA3855}.MinSizeRel|Win32.Build.0 = MinSizeRel|Win32
		{0CA964AC-85D2-4D57-91A7-167302BA3855}.RelWithDebInfo|Win32.ActiveCfg = RelWithDebInfo|Win32
		{0CA964AC-85D2-4D57-91A7-167302BA3855}.RelWithDebInfo|Win32.Build.0 = RelWithDebInfo|Win32
		{83613AED-D247-4012-9FCC-73E478F3A92A}.Debug|Win32.ActiveCfg = Debug|Win32
		{83613AED-D247-4012-9FCC-73E478F3A92A}.Debug|Win32.Build.0 = Debug|Win32
		{83613AED-D247-4012-9FCC-73E478F3A92A}.Release|Win32.ActiveCfg = Release|Win32
		{83613AED-D247-4012-9FCC-73E478F3A92A}.Release|Win32.Build.0 = Release|Win32
		{83613AED-D247-4012-9FCC-73E478F3A92A}.MinSizeRel|Win32.ActiveCfg = MinSizeRel|Win32
		{83613AED-D247-4012-9FCC-73E478F3A92A}.MinSizeRel|Win32.Build.0 = MinSizeRel|Win32
		{83613AED-D247-4012-9FCC-73E478F3A92A}.RelWithDebInfo|Win32.ActiveCfg = RelWithDebInfo|Win32
		{83613AED-D247-4012-9FCC-73E478F3A92A}.RelWithDebInfo|Win32.Build.0 = RelWithDebInfo|Win32
		{52A7424C-5A83-4248-AC6D-8B0704216794}.Debug|Win32.ActiveCfg = Debug|Win32
		{52A7424C-5A83-4248-AC6D-8B0704216794}.Debug|Win32.Build.0 = Debug|Win32
		{52A7424C-5A83-4248-AC6D-8B0704216794}.Release|Win32.ActiveCfg = Release|Win32
		{52A7424C-5A83-4248-AC6D-8B0704216794}.Release|Win32.Build.0 = Release|Win32
		{52A7424C-5A83-4248-AC6D-8B0704216794}.MinSizeRel|Win32.ActiveCfg = MinSizeRel|Win32
		{52A7424C-5A83-4248-AC6D-8B0704216794}.MinSizeRel|Win32.Build.0 = MinSizeRel|Win32
		{52A7424C-5A83-4248-AC6D-8B0704216794}.RelWithDebInfo|Win32.ActiveCfg = RelWithDebInfo|Win32
		{52A7424C-5A83-4248-AC6D-8B0704216794}.RelWithDebInfo|Win32.Build.0 = RelWithDebInfo|Win32
	EndGlobalSection
	GlobalSection(ExtensibilityGlobals) = postSolution
	EndGlobalSection
	GlobalSection(ExtensibilityAddIns) = postSolution
	EndGlobalSection
EndGlobal
