<?xml version="1.0" encoding="utf-8"?>
<Project ToolsVersion="4.0" xmlns="http://schemas.microsoft.com/developer/msbuild/2003">
  <ItemGroup>
    <Filter Include="Source Files">
      <UniqueIdentifier>{6E800CC6-39A8-4BC3-9519-98C188AF1931}</UniqueIdentifier>
      <Extensions>cxx</Extensions>
    </Filter>
    <Filter Include="Header Files">
      <UniqueIdentifier>{F4C77A11-1803-41F2-A2D4-F10A431C8901}</UniqueIdentifier>
      <Extensions>h;hxx;ixx;txx</Extensions>
    </Filter>
  </ItemGroup>
  <ItemGroup>
    <ClInclude Include="person.hxx">
      <Filter>Header Files</Filter>
    </ClInclude>
    <ClInclude Include="person-odb.hxx">
      <Filter>Header Files</Filter>
    </ClInclude>
    <ClInclude Include="person-odb.ixx">
      <Filter>Header Files</Filter>
    </ClInclude>

    <ClInclude Include="sqlite.hxx">
      <Filter>Header Files</Filter>
    </ClInclude>

  </ItemGroup>
  <ItemGroup>
    <ClCompile Include="driver.cxx">
      <Filter>Source Files</Filter>
    </ClCompile>
    <ClCompile Include="person-odb.cxx">
      <Filter>Source Files</Filter>
    </ClCompile>

    <ClCompile Include="person.cxx">
      <Filter>Source Files</Filter>
    </ClCompile>
  </ItemGroup>
</Project>
