<?xml version="1.0" encoding="utf-8"?>
<Project ToolsVersion="4.0" xmlns="http://schemas.microsoft.com/developer/msbuild/2003">
  <ItemGroup>
    <Filter Include="Source Files">
      <UniqueIdentifier>{C413FDC7-A64A-409A-828A-D1A5FF244E70}</UniqueIdentifier>
      <Extensions>cxx</Extensions>
    </Filter>
    <Filter Include="Header Files">
      <UniqueIdentifier>{E22E513C-3645-4373-9D9B-339A9123A2E9}</UniqueIdentifier>
      <Extensions>h;hxx;ixx;txx</Extensions>
    </Filter>
  </ItemGroup>
  <ItemGroup>
    <ClInclude Include="person.hxx">
      <Filter>Header Files</Filter>
    </ClInclude>
    <ClInclude Include="person-odb.hxx">
      <Filter>Header Files</Filter>
    </ClInclude>
    <ClInclude Include="person-odb.ixx">
      <Filter>Header Files</Filter>
    </ClInclude>

    <ClInclude Include="pgsql.hxx">
      <Filter>Header Files</Filter>
    </ClInclude>

  </ItemGroup>
  <ItemGroup>
    <ClCompile Include="driver.cxx">
      <Filter>Source Files</Filter>
    </ClCompile>
    <ClCompile Include="person-odb.cxx">
      <Filter>Source Files</Filter>
    </ClCompile>

  </ItemGroup>
</Project>
