<?xml version="1.0" encoding="utf-8"?>
<Project ToolsVersion="4.0" xmlns="http://schemas.microsoft.com/developer/msbuild/2003">
  <ItemGroup>
    <Filter Include="Source Files">
      <UniqueIdentifier>{D5E914C2-702E-461A-A19B-5FA3C534A206}</UniqueIdentifier>
      <Extensions>cxx</Extensions>
    </Filter>
    <Filter Include="Header Files">
      <UniqueIdentifier>{D5525BFC-F7C7-46BC-B88C-863C63285413}</UniqueIdentifier>
      <Extensions>h;hxx;ixx;txx</Extensions>
    </Filter>
  </ItemGroup>
  <ItemGroup>
    <ClInclude Include="employee.hxx">
      <Filter>Header Files</Filter>
    </ClInclude>
    <ClInclude Include="employee-odb.hxx">
      <Filter>Header Files</Filter>
    </ClInclude>
    <ClInclude Include="employee-odb.ixx">
      <Filter>Header Files</Filter>
    </ClInclude>

    <ClInclude Include="mssql.hxx">
      <Filter>Header Files</Filter>
    </ClInclude>

  </ItemGroup>
  <ItemGroup>
    <ClCompile Include="driver.cxx">
      <Filter>Source Files</Filter>
    </ClCompile>
    <ClCompile Include="employee-odb.cxx">
      <Filter>Source Files</Filter>
    </ClCompile>

  </ItemGroup>
</Project>
